
Microsoft Visual Studio Solution File, Format Version 12.00
# Visual Studio 14
VisualStudioVersion = 14.0.25123.0
MinimumVisualStudioVersion = 10.0.40219.1
Project("{FAE04EC0-301F-11D3-BF4B-00C04F79EFBC}") = "ColorThief", "ColorThief\ColorThief.csproj", "{DC2C5866-89F7-4B71-8A4A-11C2D3CF24B0}"
EndProject
Project("{D954291E-2A0B-460D-934E-DC6B0785DB48}") = "ColorThieftShared", "ColorThieftShared\ColorThieftShared.shproj", "{FECB73A5-EFA0-42F0-8B4B-22197A68D28A}"
EndProject
Project("{2150E333-8FDC-42A3-9474-1A3956D46DE8}") = "NuGet", "NuGet", "{1A07DB09-5B45-41B5-BBDB-26D468E8B8F5}"
	ProjectSection(SolutionItems) = preProject
		ColorThief.nuspec = ColorThief.nuspec
	EndProjectSection
EndProject
Project("{2150E333-8FDC-42A3-9474-1A3956D46DE8}") = "Xamarin", "Xamarin", "{47FB8D50-833A-4757-BBBE-41027C1358A4}"
EndProject
Project("{FAE04EC0-301F-11D3-BF4B-00C04F79EFBC}") = "ColorThief.Xamarin.Droid", "ColorThief.Xamarin\ColorThief.Xamarin.Droid\ColorThief.Xamarin.Droid.csproj", "{8AA35D13-D389-414E-8D4C-C72B9E1B8B6F}"
EndProject
Project("{FAE04EC0-301F-11D3-BF4B-00C04F79EFBC}") = "ColorThief.Xamarin.iOS", "ColorThief.Xamarin\ColorThief.Xamarin.iOS\ColorThief.Xamarin.iOS.csproj", "{9E449101-B293-4372-8D6A-C19DB19EB764}"
EndProject
Project("{FAE04EC0-301F-11D3-BF4B-00C04F79EFBC}") = "ColorThief.Xamarin.WinPhone", "ColorThief.Xamarin\ColorThief.Xamarin.WinPhone\ColorThief.Xamarin.WinPhone.csproj", "{8A2E6215-90F4-4E12-9B88-970C9A6572EF}"
EndProject
Project("{FAE04EC0-301F-11D3-BF4B-00C04F79EFBC}") = "ColorThief.Xamarin.UWP", "ColorThief.Xamarin\ColorThief.Xamarin.UWP\ColorThief.Xamarin.UWP.csproj", "{8660794C-E305-478E-90B4-4EFB8A80805D}"
EndProject
Project("{FAE04EC0-301F-11D3-BF4B-00C04F79EFBC}") = "ColorThief.Xamarin.Windows", "ColorThief.Xamarin\ColorThief.Xamarin.Windows\ColorThief.Xamarin.Windows.csproj", "{9ED5E845-825E-4690-B9E9-2413A2CC4428}"
EndProject
Project("{D954291E-2A0B-460D-934E-DC6B0785DB48}") = "ColorThief.Xamarin", "ColorThief.Xamarin\ColorThief.Xamarin\ColorThief.Xamarin.shproj", "{7C771013-C077-4AB8-981D-0A6FE1A884AA}"
EndProject
Global
	GlobalSection(SharedMSBuildProjectFiles) = preSolution
		ColorThief.Xamarin\ColorThief.Xamarin\ColorThief.Xamarin.projitems*{7c771013-c077-4ab8-981d-0a6fe1a884aa}*SharedItemsImports = 13
		ColorThieftShared\ColorThieftShared.projitems*{fecb73a5-efa0-42f0-8b4b-22197a68d28a}*SharedItemsImports = 13
		ColorThieftShared\ColorThieftShared.projitems*{dc2c5866-89f7-4b71-8a4a-11c2d3cf24b0}*SharedItemsImports = 4
	EndGlobalSection
	GlobalSection(SolutionConfigurationPlatforms) = preSolution
		Ad-Hoc|Any CPU = Ad-Hoc|Any CPU
		Ad-Hoc|ARM = Ad-Hoc|ARM
		Ad-Hoc|iPhone = Ad-Hoc|iPhone
		Ad-Hoc|iPhoneSimulator = Ad-Hoc|iPhoneSimulator
		Ad-Hoc|x64 = Ad-Hoc|x64
		Ad-Hoc|x86 = Ad-Hoc|x86
		AppStore|Any CPU = AppStore|Any CPU
		AppStore|ARM = AppStore|ARM
		AppStore|iPhone = AppStore|iPhone
		AppStore|iPhoneSimulator = AppStore|iPhoneSimulator
		AppStore|x64 = AppStore|x64
		AppStore|x86 = AppStore|x86
		Debug|Any CPU = Debug|Any CPU
		Debug|ARM = Debug|ARM
		Debug|iPhone = Debug|iPhone
		Debug|iPhoneSimulator = Debug|iPhoneSimulator
		Debug|x64 = Debug|x64
		Debug|x86 = Debug|x86
		Release|Any CPU = Release|Any CPU
		Release|ARM = Release|ARM
		Release|iPhone = Release|iPhone
		Release|iPhoneSimulator = Release|iPhoneSimulator
		Release|x64 = Release|x64
		Release|x86 = Release|x86
	EndGlobalSection
	GlobalSection(ProjectConfigurationPlatforms) = postSolution
		{DC2C5866-89F7-4B71-8A4A-11C2D3CF24B0}.Ad-Hoc|Any CPU.ActiveCfg = Release|Any CPU
		{DC2C5866-89F7-4B71-8A4A-11C2D3CF24B0}.Ad-Hoc|Any CPU.Build.0 = Release|Any CPU
		{DC2C5866-89F7-4B71-8A4A-11C2D3CF24B0}.Ad-Hoc|ARM.ActiveCfg = Release|Any CPU
		{DC2C5866-89F7-4B71-8A4A-11C2D3CF24B0}.Ad-Hoc|ARM.Build.0 = Release|Any CPU
		{DC2C5866-89F7-4B71-8A4A-11C2D3CF24B0}.Ad-Hoc|iPhone.ActiveCfg = Release|Any CPU
		{DC2C5866-89F7-4B71-8A4A-11C2D3CF24B0}.Ad-Hoc|iPhone.Build.0 = Release|Any CPU
		{DC2C5866-89F7-4B71-8A4A-11C2D3CF24B0}.Ad-Hoc|iPhoneSimulator.ActiveCfg = Release|Any CPU
		{DC2C5866-89F7-4B71-8A4A-11C2D3CF24B0}.Ad-Hoc|iPhoneSimulator.Build.0 = Release|Any CPU
		{DC2C5866-89F7-4B71-8A4A-11C2D3CF24B0}.Ad-Hoc|x64.ActiveCfg = Release|Any CPU
		{DC2C5866-89F7-4B71-8A4A-11C2D3CF24B0}.Ad-Hoc|x64.Build.0 = Release|Any CPU
		{DC2C5866-89F7-4B71-8A4A-11C2D3CF24B0}.Ad-Hoc|x86.ActiveCfg = Release|Any CPU
		{DC2C5866-89F7-4B71-8A4A-11C2D3CF24B0}.Ad-Hoc|x86.Build.0 = Release|Any CPU
		{DC2C5866-89F7-4B71-8A4A-11C2D3CF24B0}.AppStore|Any CPU.ActiveCfg = Release|Any CPU
		{DC2C5866-89F7-4B71-8A4A-11C2D3CF24B0}.AppStore|Any CPU.Build.0 = Release|Any CPU
		{DC2C5866-89F7-4B71-8A4A-11C2D3CF24B0}.AppStore|ARM.ActiveCfg = Release|Any CPU
		{DC2C5866-89F7-4B71-8A4A-11C2D3CF24B0}.AppStore|ARM.Build.0 = Release|Any CPU
		{DC2C5866-89F7-4B71-8A4A-11C2D3CF24B0}.AppStore|iPhone.ActiveCfg = Release|Any CPU
		{DC2C5866-89F7-4B71-8A4A-11C2D3CF24B0}.AppStore|iPhone.Build.0 = Release|Any CPU
		{DC2C5866-89F7-4B71-8A4A-11C2D3CF24B0}.AppStore|iPhoneSimulator.ActiveCfg = Release|Any CPU
		{DC2C5866-89F7-4B71-8A4A-11C2D3CF24B0}.AppStore|iPhoneSimulator.Build.0 = Release|Any CPU
		{DC2C5866-89F7-4B71-8A4A-11C2D3CF24B0}.AppStore|x64.ActiveCfg = Release|Any CPU
		{DC2C5866-89F7-4B71-8A4A-11C2D3CF24B0}.AppStore|x64.Build.0 = Release|Any CPU
		{DC2C5866-89F7-4B71-8A4A-11C2D3CF24B0}.AppStore|x86.ActiveCfg = Release|Any CPU
		{DC2C5866-89F7-4B71-8A4A-11C2D3CF24B0}.AppStore|x86.Build.0 = Release|Any CPU
		{DC2C5866-89F7-4B71-8A4A-11C2D3CF24B0}.Debug|Any CPU.ActiveCfg = Debug|Any CPU
		{DC2C5866-89F7-4B71-8A4A-11C2D3CF24B0}.Debug|Any CPU.Build.0 = Debug|Any CPU
		{DC2C5866-89F7-4B71-8A4A-11C2D3CF24B0}.Debug|ARM.ActiveCfg = Debug|Any CPU
		{DC2C5866-89F7-4B71-8A4A-11C2D3CF24B0}.Debug|ARM.Build.0 = Debug|Any CPU
		{DC2C5866-89F7-4B71-8A4A-11C2D3CF24B0}.Debug|iPhone.ActiveCfg = Debug|Any CPU
		{DC2C5866-89F7-4B71-8A4A-11C2D3CF24B0}.Debug|iPhone.Build.0 = Debug|Any CPU
		{DC2C5866-89F7-4B71-8A4A-11C2D3CF24B0}.Debug|iPhoneSimulator.ActiveCfg = Debug|Any CPU
		{DC2C5866-89F7-4B71-8A4A-11C2D3CF24B0}.Debug|iPhoneSimulator.Build.0 = Debug|Any CPU
		{DC2C5866-89F7-4B71-8A4A-11C2D3CF24B0}.Debug|x64.ActiveCfg = Debug|Any CPU
		{DC2C5866-89F7-4B71-8A4A-11C2D3CF24B0}.Debug|x64.Build.0 = Debug|Any CPU
		{DC2C5866-89F7-4B71-8A4A-11C2D3CF24B0}.Debug|x86.ActiveCfg = Debug|Any CPU
		{DC2C5866-89F7-4B71-8A4A-11C2D3CF24B0}.Debug|x86.Build.0 = Debug|Any CPU
		{DC2C5866-89F7-4B71-8A4A-11C2D3CF24B0}.Release|Any CPU.ActiveCfg = Release|Any CPU
		{DC2C5866-89F7-4B71-8A4A-11C2D3CF24B0}.Release|Any CPU.Build.0 = Release|Any CPU
		{DC2C5866-89F7-4B71-8A4A-11C2D3CF24B0}.Release|ARM.ActiveCfg = Release|Any CPU
		{DC2C5866-89F7-4B71-8A4A-11C2D3CF24B0}.Release|ARM.Build.0 = Release|Any CPU
		{DC2C5866-89F7-4B71-8A4A-11C2D3CF24B0}.Release|iPhone.ActiveCfg = Release|Any CPU
		{DC2C5866-89F7-4B71-8A4A-11C2D3CF24B0}.Release|iPhone.Build.0 = Release|Any CPU
		{DC2C5866-89F7-4B71-8A4A-11C2D3CF24B0}.Release|iPhoneSimulator.ActiveCfg = Release|Any CPU
		{DC2C5866-89F7-4B71-8A4A-11C2D3CF24B0}.Release|iPhoneSimulator.Build.0 = Release|Any CPU
		{DC2C5866-89F7-4B71-8A4A-11C2D3CF24B0}.Release|x64.ActiveCfg = Release|Any CPU
		{DC2C5866-89F7-4B71-8A4A-11C2D3CF24B0}.Release|x64.Build.0 = Release|Any CPU
		{DC2C5866-89F7-4B71-8A4A-11C2D3CF24B0}.Release|x86.ActiveCfg = Release|Any CPU
		{DC2C5866-89F7-4B71-8A4A-11C2D3CF24B0}.Release|x86.Build.0 = Release|Any CPU
		{8AA35D13-D389-414E-8D4C-C72B9E1B8B6F}.Ad-Hoc|Any CPU.ActiveCfg = Release|Any CPU
		{8AA35D13-D389-414E-8D4C-C72B9E1B8B6F}.Ad-Hoc|Any CPU.Build.0 = Release|Any CPU
		{8AA35D13-D389-414E-8D4C-C72B9E1B8B6F}.Ad-Hoc|Any CPU.Deploy.0 = Release|Any CPU
		{8AA35D13-D389-414E-8D4C-C72B9E1B8B6F}.Ad-Hoc|ARM.ActiveCfg = Release|Any CPU
		{8AA35D13-D389-414E-8D4C-C72B9E1B8B6F}.Ad-Hoc|ARM.Build.0 = Release|Any CPU
		{8AA35D13-D389-414E-8D4C-C72B9E1B8B6F}.Ad-Hoc|ARM.Deploy.0 = Release|Any CPU
		{8AA35D13-D389-414E-8D4C-C72B9E1B8B6F}.Ad-Hoc|iPhone.ActiveCfg = Release|Any CPU
		{8AA35D13-D389-414E-8D4C-C72B9E1B8B6F}.Ad-Hoc|iPhone.Build.0 = Release|Any CPU
		{8AA35D13-D389-414E-8D4C-C72B9E1B8B6F}.Ad-Hoc|iPhone.Deploy.0 = Release|Any CPU
		{8AA35D13-D389-414E-8D4C-C72B9E1B8B6F}.Ad-Hoc|iPhoneSimulator.ActiveCfg = Release|Any CPU
		{8AA35D13-D389-414E-8D4C-C72B9E1B8B6F}.Ad-Hoc|iPhoneSimulator.Build.0 = Release|Any CPU
		{8AA35D13-D389-414E-8D4C-C72B9E1B8B6F}.Ad-Hoc|iPhoneSimulator.Deploy.0 = Release|Any CPU
		{8AA35D13-D389-414E-8D4C-C72B9E1B8B6F}.Ad-Hoc|x64.ActiveCfg = Release|Any CPU
		{8AA35D13-D389-414E-8D4C-C72B9E1B8B6F}.Ad-Hoc|x64.Build.0 = Release|Any CPU
		{8AA35D13-D389-414E-8D4C-C72B9E1B8B6F}.Ad-Hoc|x64.Deploy.0 = Release|Any CPU
		{8AA35D13-D389-414E-8D4C-C72B9E1B8B6F}.Ad-Hoc|x86.ActiveCfg = Release|Any CPU
		{8AA35D13-D389-414E-8D4C-C72B9E1B8B6F}.Ad-Hoc|x86.Build.0 = Release|Any CPU
		{8AA35D13-D389-414E-8D4C-C72B9E1B8B6F}.Ad-Hoc|x86.Deploy.0 = Release|Any CPU
		{8AA35D13-D389-414E-8D4C-C72B9E1B8B6F}.AppStore|Any CPU.ActiveCfg = Release|Any CPU
		{8AA35D13-D389-414E-8D4C-C72B9E1B8B6F}.AppStore|Any CPU.Build.0 = Release|Any CPU
		{8AA35D13-D389-414E-8D4C-C72B9E1B8B6F}.AppStore|Any CPU.Deploy.0 = Release|Any CPU
		{8AA35D13-D389-414E-8D4C-C72B9E1B8B6F}.AppStore|ARM.ActiveCfg = Release|Any CPU
		{8AA35D13-D389-414E-8D4C-C72B9E1B8B6F}.AppStore|ARM.Build.0 = Release|Any CPU
		{8AA35D13-D389-414E-8D4C-C72B9E1B8B6F}.AppStore|ARM.Deploy.0 = Release|Any CPU
		{8AA35D13-D389-414E-8D4C-C72B9E1B8B6F}.AppStore|iPhone.ActiveCfg = Release|Any CPU
		{8AA35D13-D389-414E-8D4C-C72B9E1B8B6F}.AppStore|iPhone.Build.0 = Release|Any CPU
		{8AA35D13-D389-414E-8D4C-C72B9E1B8B6F}.AppStore|iPhone.Deploy.0 = Release|Any CPU
		{8AA35D13-D389-414E-8D4C-C72B9E1B8B6F}.AppStore|iPhoneSimulator.ActiveCfg = Release|Any CPU
		{8AA35D13-D389-414E-8D4C-C72B9E1B8B6F}.AppStore|iPhoneSimulator.Build.0 = Release|Any CPU
		{8AA35D13-D389-414E-8D4C-C72B9E1B8B6F}.AppStore|iPhoneSimulator.Deploy.0 = Release|Any CPU
		{8AA35D13-D389-414E-8D4C-C72B9E1B8B6F}.AppStore|x64.ActiveCfg = Release|Any CPU
		{8AA35D13-D389-414E-8D4C-C72B9E1B8B6F}.AppStore|x64.Build.0 = Release|Any CPU
		{8AA35D13-D389-414E-8D4C-C72B9E1B8B6F}.AppStore|x64.Deploy.0 = Release|Any CPU
		{8AA35D13-D389-414E-8D4C-C72B9E1B8B6F}.AppStore|x86.ActiveCfg = Release|Any CPU
		{8AA35D13-D389-414E-8D4C-C72B9E1B8B6F}.AppStore|x86.Build.0 = Release|Any CPU
		{8AA35D13-D389-414E-8D4C-C72B9E1B8B6F}.AppStore|x86.Deploy.0 = Release|Any CPU
		{8AA35D13-D389-414E-8D4C-C72B9E1B8B6F}.Debug|Any CPU.ActiveCfg = Debug|Any CPU
		{8AA35D13-D389-414E-8D4C-C72B9E1B8B6F}.Debug|Any CPU.Build.0 = Debug|Any CPU
		{8AA35D13-D389-414E-8D4C-C72B9E1B8B6F}.Debug|Any CPU.Deploy.0 = Debug|Any CPU
		{8AA35D13-D389-414E-8D4C-C72B9E1B8B6F}.Debug|ARM.ActiveCfg = Debug|Any CPU
		{8AA35D13-D389-414E-8D4C-C72B9E1B8B6F}.Debug|ARM.Build.0 = Debug|Any CPU
		{8AA35D13-D389-414E-8D4C-C72B9E1B8B6F}.Debug|ARM.Deploy.0 = Debug|Any CPU
		{8AA35D13-D389-414E-8D4C-C72B9E1B8B6F}.Debug|iPhone.ActiveCfg = Debug|Any CPU
		{8AA35D13-D389-414E-8D4C-C72B9E1B8B6F}.Debug|iPhone.Build.0 = Debug|Any CPU
		{8AA35D13-D389-414E-8D4C-C72B9E1B8B6F}.Debug|iPhone.Deploy.0 = Debug|Any CPU
		{8AA35D13-D389-414E-8D4C-C72B9E1B8B6F}.Debug|iPhoneSimulator.ActiveCfg = Debug|Any CPU
		{8AA35D13-D389-414E-8D4C-C72B9E1B8B6F}.Debug|iPhoneSimulator.Build.0 = Debug|Any CPU
		{8AA35D13-D389-414E-8D4C-C72B9E1B8B6F}.Debug|iPhoneSimulator.Deploy.0 = Debug|Any CPU
		{8AA35D13-D389-414E-8D4C-C72B9E1B8B6F}.Debug|x64.ActiveCfg = Debug|Any CPU
		{8AA35D13-D389-414E-8D4C-C72B9E1B8B6F}.Debug|x64.Build.0 = Debug|Any CPU
		{8AA35D13-D389-414E-8D4C-C72B9E1B8B6F}.Debug|x64.Deploy.0 = Debug|Any CPU
		{8AA35D13-D389-414E-8D4C-C72B9E1B8B6F}.Debug|x86.ActiveCfg = Debug|Any CPU
		{8AA35D13-D389-414E-8D4C-C72B9E1B8B6F}.Debug|x86.Build.0 = Debug|Any CPU
		{8AA35D13-D389-414E-8D4C-C72B9E1B8B6F}.Debug|x86.Deploy.0 = Debug|Any CPU
		{8AA35D13-D389-414E-8D4C-C72B9E1B8B6F}.Release|Any CPU.ActiveCfg = Release|Any CPU
		{8AA35D13-D389-414E-8D4C-C72B9E1B8B6F}.Release|Any CPU.Build.0 = Release|Any CPU
		{8AA35D13-D389-414E-8D4C-C72B9E1B8B6F}.Release|Any CPU.Deploy.0 = Release|Any CPU
		{8AA35D13-D389-414E-8D4C-C72B9E1B8B6F}.Release|ARM.ActiveCfg = Release|Any CPU
		{8AA35D13-D389-414E-8D4C-C72B9E1B8B6F}.Release|ARM.Build.0 = Release|Any CPU
		{8AA35D13-D389-414E-8D4C-C72B9E1B8B6F}.Release|ARM.Deploy.0 = Release|Any CPU
		{8AA35D13-D389-414E-8D4C-C72B9E1B8B6F}.Release|iPhone.ActiveCfg = Release|Any CPU
		{8AA35D13-D389-414E-8D4C-C72B9E1B8B6F}.Release|iPhone.Build.0 = Release|Any CPU
		{8AA35D13-D389-414E-8D4C-C72B9E1B8B6F}.Release|iPhone.Deploy.0 = Release|Any CPU
		{8AA35D13-D389-414E-8D4C-C72B9E1B8B6F}.Release|iPhoneSimulator.ActiveCfg = Release|Any CPU
		{8AA35D13-D389-414E-8D4C-C72B9E1B8B6F}.Release|iPhoneSimulator.Build.0 = Release|Any CPU
		{8AA35D13-D389-414E-8D4C-C72B9E1B8B6F}.Release|iPhoneSimulator.Deploy.0 = Release|Any CPU
		{8AA35D13-D389-414E-8D4C-C72B9E1B8B6F}.Release|x64.ActiveCfg = Release|Any CPU
		{8AA35D13-D389-414E-8D4C-C72B9E1B8B6F}.Release|x64.Build.0 = Release|Any CPU
		{8AA35D13-D389-414E-8D4C-C72B9E1B8B6F}.Release|x64.Deploy.0 = Release|Any CPU
		{8AA35D13-D389-414E-8D4C-C72B9E1B8B6F}.Release|x86.ActiveCfg = Release|Any CPU
		{8AA35D13-D389-414E-8D4C-C72B9E1B8B6F}.Release|x86.Build.0 = Release|Any CPU
		{8AA35D13-D389-414E-8D4C-C72B9E1B8B6F}.Release|x86.Deploy.0 = Release|Any CPU
		{9E449101-B293-4372-8D6A-C19DB19EB764}.Ad-Hoc|Any CPU.ActiveCfg = Ad-Hoc|iPhone
		{9E449101-B293-4372-8D6A-C19DB19EB764}.Ad-Hoc|ARM.ActiveCfg = Ad-Hoc|iPhone
		{9E449101-B293-4372-8D6A-C19DB19EB764}.Ad-Hoc|iPhone.ActiveCfg = Ad-Hoc|iPhone
		{9E449101-B293-4372-8D6A-C19DB19EB764}.Ad-Hoc|iPhone.Build.0 = Ad-Hoc|iPhone
		{9E449101-B293-4372-8D6A-C19DB19EB764}.Ad-Hoc|iPhoneSimulator.ActiveCfg = Ad-Hoc|iPhoneSimulator
		{9E449101-B293-4372-8D6A-C19DB19EB764}.Ad-Hoc|iPhoneSimulator.Build.0 = Ad-Hoc|iPhoneSimulator
		{9E449101-B293-4372-8D6A-C19DB19EB764}.Ad-Hoc|x64.ActiveCfg = Ad-Hoc|iPhone
		{9E449101-B293-4372-8D6A-C19DB19EB764}.Ad-Hoc|x86.ActiveCfg = Ad-Hoc|iPhone
		{9E449101-B293-4372-8D6A-C19DB19EB764}.AppStore|Any CPU.ActiveCfg = AppStore|iPhone
		{9E449101-B293-4372-8D6A-C19DB19EB764}.AppStore|ARM.ActiveCfg = AppStore|iPhone
		{9E449101-B293-4372-8D6A-C19DB19EB764}.AppStore|iPhone.ActiveCfg = AppStore|iPhone
		{9E449101-B293-4372-8D6A-C19DB19EB764}.AppStore|iPhone.Build.0 = AppStore|iPhone
		{9E449101-B293-4372-8D6A-C19DB19EB764}.AppStore|iPhoneSimulator.ActiveCfg = AppStore|iPhoneSimulator
		{9E449101-B293-4372-8D6A-C19DB19EB764}.AppStore|iPhoneSimulator.Build.0 = AppStore|iPhoneSimulator
		{9E449101-B293-4372-8D6A-C19DB19EB764}.AppStore|x64.ActiveCfg = AppStore|iPhone
		{9E449101-B293-4372-8D6A-C19DB19EB764}.AppStore|x86.ActiveCfg = AppStore|iPhone
		{9E449101-B293-4372-8D6A-C19DB19EB764}.Debug|Any CPU.ActiveCfg = Debug|iPhone
		{9E449101-B293-4372-8D6A-C19DB19EB764}.Debug|ARM.ActiveCfg = Debug|iPhone
		{9E449101-B293-4372-8D6A-C19DB19EB764}.Debug|iPhone.ActiveCfg = Debug|iPhone
		{9E449101-B293-4372-8D6A-C19DB19EB764}.Debug|iPhone.Build.0 = Debug|iPhone
		{9E449101-B293-4372-8D6A-C19DB19EB764}.Debug|iPhoneSimulator.ActiveCfg = Debug|iPhoneSimulator
		{9E449101-B293-4372-8D6A-C19DB19EB764}.Debug|iPhoneSimulator.Build.0 = Debug|iPhoneSimulator
		{9E449101-B293-4372-8D6A-C19DB19EB764}.Debug|x64.ActiveCfg = Debug|iPhone
		{9E449101-B293-4372-8D6A-C19DB19EB764}.Debug|x86.ActiveCfg = Debug|iPhone
		{9E449101-B293-4372-8D6A-C19DB19EB764}.Release|Any CPU.ActiveCfg = Release|iPhone
		{9E449101-B293-4372-8D6A-C19DB19EB764}.Release|ARM.ActiveCfg = Release|iPhone
		{9E449101-B293-4372-8D6A-C19DB19EB764}.Release|iPhone.ActiveCfg = Release|iPhone
		{9E449101-B293-4372-8D6A-C19DB19EB764}.Release|iPhone.Build.0 = Release|iPhone
		{9E449101-B293-4372-8D6A-C19DB19EB764}.Release|iPhoneSimulator.ActiveCfg = Release|iPhoneSimulator
		{9E449101-B293-4372-8D6A-C19DB19EB764}.Release|iPhoneSimulator.Build.0 = Release|iPhoneSimulator
		{9E449101-B293-4372-8D6A-C19DB19EB764}.Release|x64.ActiveCfg = Release|iPhone
		{9E449101-B293-4372-8D6A-C19DB19EB764}.Release|x86.ActiveCfg = Release|iPhone
		{8A2E6215-90F4-4E12-9B88-970C9A6572EF}.Ad-Hoc|Any CPU.ActiveCfg = Release|Any CPU
		{8A2E6215-90F4-4E12-9B88-970C9A6572EF}.Ad-Hoc|Any CPU.Build.0 = Release|Any CPU
		{8A2E6215-90F4-4E12-9B88-970C9A6572EF}.Ad-Hoc|Any CPU.Deploy.0 = Release|Any CPU
		{8A2E6215-90F4-4E12-9B88-970C9A6572EF}.Ad-Hoc|ARM.ActiveCfg = Release|ARM
		{8A2E6215-90F4-4E12-9B88-970C9A6572EF}.Ad-Hoc|ARM.Build.0 = Release|ARM
		{8A2E6215-90F4-4E12-9B88-970C9A6572EF}.Ad-Hoc|ARM.Deploy.0 = Release|ARM
		{8A2E6215-90F4-4E12-9B88-970C9A6572EF}.Ad-Hoc|iPhone.ActiveCfg = Release|Any CPU
		{8A2E6215-90F4-4E12-9B88-970C9A6572EF}.Ad-Hoc|iPhone.Build.0 = Release|Any CPU
		{8A2E6215-90F4-4E12-9B88-970C9A6572EF}.Ad-Hoc|iPhone.Deploy.0 = Release|Any CPU
		{8A2E6215-90F4-4E12-9B88-970C9A6572EF}.Ad-Hoc|iPhoneSimulator.ActiveCfg = Release|Any CPU
		{8A2E6215-90F4-4E12-9B88-970C9A6572EF}.Ad-Hoc|iPhoneSimulator.Build.0 = Release|Any CPU
		{8A2E6215-90F4-4E12-9B88-970C9A6572EF}.Ad-Hoc|iPhoneSimulator.Deploy.0 = Release|Any CPU
		{8A2E6215-90F4-4E12-9B88-970C9A6572EF}.Ad-Hoc|x64.ActiveCfg = Release|Any CPU
		{8A2E6215-90F4-4E12-9B88-970C9A6572EF}.Ad-Hoc|x64.Build.0 = Release|Any CPU
		{8A2E6215-90F4-4E12-9B88-970C9A6572EF}.Ad-Hoc|x64.Deploy.0 = Release|Any CPU
		{8A2E6215-90F4-4E12-9B88-970C9A6572EF}.Ad-Hoc|x86.ActiveCfg = Release|x86
		{8A2E6215-90F4-4E12-9B88-970C9A6572EF}.Ad-Hoc|x86.Build.0 = Release|x86
		{8A2E6215-90F4-4E12-9B88-970C9A6572EF}.Ad-Hoc|x86.Deploy.0 = Release|x86
		{8A2E6215-90F4-4E12-9B88-970C9A6572EF}.AppStore|Any CPU.ActiveCfg = Release|Any CPU
		{8A2E6215-90F4-4E12-9B88-970C9A6572EF}.AppStore|Any CPU.Build.0 = Release|Any CPU
		{8A2E6215-90F4-4E12-9B88-970C9A6572EF}.AppStore|Any CPU.Deploy.0 = Release|Any CPU
		{8A2E6215-90F4-4E12-9B88-970C9A6572EF}.AppStore|ARM.ActiveCfg = Release|ARM
		{8A2E6215-90F4-4E12-9B88-970C9A6572EF}.AppStore|ARM.Build.0 = Release|ARM
		{8A2E6215-90F4-4E12-9B88-970C9A6572EF}.AppStore|ARM.Deploy.0 = Release|ARM
		{8A2E6215-90F4-4E12-9B88-970C9A6572EF}.AppStore|iPhone.ActiveCfg = Release|Any CPU
		{8A2E6215-90F4-4E12-9B88-970C9A6572EF}.AppStore|iPhone.Build.0 = Release|Any CPU
		{8A2E6215-90F4-4E12-9B88-970C9A6572EF}.AppStore|iPhone.Deploy.0 = Release|Any CPU
		{8A2E6215-90F4-4E12-9B88-970C9A6572EF}.AppStore|iPhoneSimulator.ActiveCfg = Release|Any CPU
		{8A2E6215-90F4-4E12-9B88-970C9A6572EF}.AppStore|iPhoneSimulator.Build.0 = Release|Any CPU
		{8A2E6215-90F4-4E12-9B88-970C9A6572EF}.AppStore|iPhoneSimulator.Deploy.0 = Release|Any CPU
		{8A2E6215-90F4-4E12-9B88-970C9A6572EF}.AppStore|x64.ActiveCfg = Release|Any CPU
		{8A2E6215-90F4-4E12-9B88-970C9A6572EF}.AppStore|x64.Build.0 = Release|Any CPU
		{8A2E6215-90F4-4E12-9B88-970C9A6572EF}.AppStore|x64.Deploy.0 = Release|Any CPU
		{8A2E6215-90F4-4E12-9B88-970C9A6572EF}.AppStore|x86.ActiveCfg = Release|x86
		{8A2E6215-90F4-4E12-9B88-970C9A6572EF}.AppStore|x86.Build.0 = Release|x86
		{8A2E6215-90F4-4E12-9B88-970C9A6572EF}.AppStore|x86.Deploy.0 = Release|x86
		{8A2E6215-90F4-4E12-9B88-970C9A6572EF}.Debug|Any CPU.ActiveCfg = Debug|Any CPU
		{8A2E6215-90F4-4E12-9B88-970C9A6572EF}.Debug|Any CPU.Build.0 = Debug|Any CPU
		{8A2E6215-90F4-4E12-9B88-970C9A6572EF}.Debug|Any CPU.Deploy.0 = Debug|Any CPU
		{8A2E6215-90F4-4E12-9B88-970C9A6572EF}.Debug|ARM.ActiveCfg = Debug|ARM
		{8A2E6215-90F4-4E12-9B88-970C9A6572EF}.Debug|ARM.Build.0 = Debug|ARM
		{8A2E6215-90F4-4E12-9B88-970C9A6572EF}.Debug|ARM.Deploy.0 = Debug|ARM
		{8A2E6215-90F4-4E12-9B88-970C9A6572EF}.Debug|iPhone.ActiveCfg = Debug|Any CPU
		{8A2E6215-90F4-4E12-9B88-970C9A6572EF}.Debug|iPhone.Build.0 = Debug|Any CPU
		{8A2E6215-90F4-4E12-9B88-970C9A6572EF}.Debug|iPhone.Deploy.0 = Debug|Any CPU
		{8A2E6215-90F4-4E12-9B88-970C9A6572EF}.Debug|iPhoneSimulator.ActiveCfg = Debug|Any CPU
		{8A2E6215-90F4-4E12-9B88-970C9A6572EF}.Debug|iPhoneSimulator.Build.0 = Debug|Any CPU
		{8A2E6215-90F4-4E12-9B88-970C9A6572EF}.Debug|iPhoneSimulator.Deploy.0 = Debug|Any CPU
		{8A2E6215-90F4-4E12-9B88-970C9A6572EF}.Debug|x64.ActiveCfg = Debug|Any CPU
		{8A2E6215-90F4-4E12-9B88-970C9A6572EF}.Debug|x64.Build.0 = Debug|Any CPU
		{8A2E6215-90F4-4E12-9B88-970C9A6572EF}.Debug|x64.Deploy.0 = Debug|Any CPU
		{8A2E6215-90F4-4E12-9B88-970C9A6572EF}.Debug|x86.ActiveCfg = Debug|x86
		{8A2E6215-90F4-4E12-9B88-970C9A6572EF}.Debug|x86.Build.0 = Debug|x86
		{8A2E6215-90F4-4E12-9B88-970C9A6572EF}.Debug|x86.Deploy.0 = Debug|x86
		{8A2E6215-90F4-4E12-9B88-970C9A6572EF}.Release|Any CPU.ActiveCfg = Release|Any CPU
		{8A2E6215-90F4-4E12-9B88-970C9A6572EF}.Release|Any CPU.Build.0 = Release|Any CPU
		{8A2E6215-90F4-4E12-9B88-970C9A6572EF}.Release|Any CPU.Deploy.0 = Release|Any CPU
		{8A2E6215-90F4-4E12-9B88-970C9A6572EF}.Release|ARM.ActiveCfg = Release|ARM
		{8A2E6215-90F4-4E12-9B88-970C9A6572EF}.Release|ARM.Build.0 = Release|ARM
		{8A2E6215-90F4-4E12-9B88-970C9A6572EF}.Release|ARM.Deploy.0 = Release|ARM
		{8A2E6215-90F4-4E12-9B88-970C9A6572EF}.Release|iPhone.ActiveCfg = Release|Any CPU
		{8A2E6215-90F4-4E12-9B88-970C9A6572EF}.Release|iPhone.Build.0 = Release|Any CPU
		{8A2E6215-90F4-4E12-9B88-970C9A6572EF}.Release|iPhone.Deploy.0 = Release|Any CPU
		{8A2E6215-90F4-4E12-9B88-970C9A6572EF}.Release|iPhoneSimulator.ActiveCfg = Release|Any CPU
		{8A2E6215-90F4-4E12-9B88-970C9A6572EF}.Release|iPhoneSimulator.Build.0 = Release|Any CPU
		{8A2E6215-90F4-4E12-9B88-970C9A6572EF}.Release|iPhoneSimulator.Deploy.0 = Release|Any CPU
		{8A2E6215-90F4-4E12-9B88-970C9A6572EF}.Release|x64.ActiveCfg = Release|Any CPU
		{8A2E6215-90F4-4E12-9B88-970C9A6572EF}.Release|x64.Build.0 = Release|Any CPU
		{8A2E6215-90F4-4E12-9B88-970C9A6572EF}.Release|x64.Deploy.0 = Release|Any CPU
		{8A2E6215-90F4-4E12-9B88-970C9A6572EF}.Release|x86.ActiveCfg = Release|x86
		{8A2E6215-90F4-4E12-9B88-970C9A6572EF}.Release|x86.Build.0 = Release|x86
		{8A2E6215-90F4-4E12-9B88-970C9A6572EF}.Release|x86.Deploy.0 = Release|x86
		{8660794C-E305-478E-90B4-4EFB8A80805D}.Ad-Hoc|Any CPU.ActiveCfg = Release|x86
		{8660794C-E305-478E-90B4-4EFB8A80805D}.Ad-Hoc|Any CPU.Build.0 = Release|x86
		{8660794C-E305-478E-90B4-4EFB8A80805D}.Ad-Hoc|Any CPU.Deploy.0 = Release|x86
		{8660794C-E305-478E-90B4-4EFB8A80805D}.Ad-Hoc|ARM.ActiveCfg = Release|ARM
		{8660794C-E305-478E-90B4-4EFB8A80805D}.Ad-Hoc|ARM.Build.0 = Release|ARM
		{8660794C-E305-478E-90B4-4EFB8A80805D}.Ad-Hoc|ARM.Deploy.0 = Release|ARM
		{8660794C-E305-478E-90B4-4EFB8A80805D}.Ad-Hoc|iPhone.ActiveCfg = Release|x86
		{8660794C-E305-478E-90B4-4EFB8A80805D}.Ad-Hoc|iPhone.Build.0 = Release|x86
		{8660794C-E305-478E-90B4-4EFB8A80805D}.Ad-Hoc|iPhone.Deploy.0 = Release|x86
		{8660794C-E305-478E-90B4-4EFB8A80805D}.Ad-Hoc|iPhoneSimulator.ActiveCfg = Release|x86
		{8660794C-E305-478E-90B4-4EFB8A80805D}.Ad-Hoc|iPhoneSimulator.Build.0 = Release|x86
		{8660794C-E305-478E-90B4-4EFB8A80805D}.Ad-Hoc|iPhoneSimulator.Deploy.0 = Release|x86
		{8660794C-E305-478E-90B4-4EFB8A80805D}.Ad-Hoc|x64.ActiveCfg = Release|x64
		{8660794C-E305-478E-90B4-4EFB8A80805D}.Ad-Hoc|x64.Build.0 = Release|x64
		{8660794C-E305-478E-90B4-4EFB8A80805D}.Ad-Hoc|x64.Deploy.0 = Release|x64
		{8660794C-E305-478E-90B4-4EFB8A80805D}.Ad-Hoc|x86.ActiveCfg = Release|x86
		{8660794C-E305-478E-90B4-4EFB8A80805D}.Ad-Hoc|x86.Build.0 = Release|x86
		{8660794C-E305-478E-90B4-4EFB8A80805D}.Ad-Hoc|x86.Deploy.0 = Release|x86
		{8660794C-E305-478E-90B4-4EFB8A80805D}.AppStore|Any CPU.ActiveCfg = Release|x86
		{8660794C-E305-478E-90B4-4EFB8A80805D}.AppStore|Any CPU.Build.0 = Release|x86
		{8660794C-E305-478E-90B4-4EFB8A80805D}.AppStore|Any CPU.Deploy.0 = Release|x86
		{8660794C-E305-478E-90B4-4EFB8A80805D}.AppStore|ARM.ActiveCfg = Release|ARM
		{8660794C-E305-478E-90B4-4EFB8A80805D}.AppStore|ARM.Build.0 = Release|ARM
		{8660794C-E305-478E-90B4-4EFB8A80805D}.AppStore|ARM.Deploy.0 = Release|ARM
		{8660794C-E305-478E-90B4-4EFB8A80805D}.AppStore|iPhone.ActiveCfg = Release|x86
		{8660794C-E305-478E-90B4-4EFB8A80805D}.AppStore|iPhone.Build.0 = Release|x86
		{8660794C-E305-478E-90B4-4EFB8A80805D}.AppStore|iPhone.Deploy.0 = Release|x86
		{8660794C-E305-478E-90B4-4EFB8A80805D}.AppStore|iPhoneSimulator.ActiveCfg = Release|x86
		{8660794C-E305-478E-90B4-4EFB8A80805D}.AppStore|iPhoneSimulator.Build.0 = Release|x86
		{8660794C-E305-478E-90B4-4EFB8A80805D}.AppStore|iPhoneSimulator.Deploy.0 = Release|x86
		{8660794C-E305-478E-90B4-4EFB8A80805D}.AppStore|x64.ActiveCfg = Release|x64
		{8660794C-E305-478E-90B4-4EFB8A80805D}.AppStore|x64.Build.0 = Release|x64
		{8660794C-E305-478E-90B4-4EFB8A80805D}.AppStore|x64.Deploy.0 = Release|x64
		{8660794C-E305-478E-90B4-4EFB8A80805D}.AppStore|x86.ActiveCfg = Release|x86
		{8660794C-E305-478E-90B4-4EFB8A80805D}.AppStore|x86.Build.0 = Release|x86
		{8660794C-E305-478E-90B4-4EFB8A80805D}.AppStore|x86.Deploy.0 = Release|x86
		{8660794C-E305-478E-90B4-4EFB8A80805D}.Debug|Any CPU.ActiveCfg = Debug|x86
		{8660794C-E305-478E-90B4-4EFB8A80805D}.Debug|ARM.ActiveCfg = Debug|ARM
		{8660794C-E305-478E-90B4-4EFB8A80805D}.Debug|ARM.Build.0 = Debug|ARM
		{8660794C-E305-478E-90B4-4EFB8A80805D}.Debug|ARM.Deploy.0 = Debug|ARM
		{8660794C-E305-478E-90B4-4EFB8A80805D}.Debug|iPhone.ActiveCfg = Debug|x86
		{8660794C-E305-478E-90B4-4EFB8A80805D}.Debug|iPhoneSimulator.ActiveCfg = Debug|x86
		{8660794C-E305-478E-90B4-4EFB8A80805D}.Debug|x64.ActiveCfg = Debug|x64
		{8660794C-E305-478E-90B4-4EFB8A80805D}.Debug|x64.Build.0 = Debug|x64
		{8660794C-E305-478E-90B4-4EFB8A80805D}.Debug|x64.Deploy.0 = Debug|x64
		{8660794C-E305-478E-90B4-4EFB8A80805D}.Debug|x86.ActiveCfg = Debug|x86
		{8660794C-E305-478E-90B4-4EFB8A80805D}.Debug|x86.Build.0 = Debug|x86
		{8660794C-E305-478E-90B4-4EFB8A80805D}.Debug|x86.Deploy.0 = Debug|x86
		{8660794C-E305-478E-90B4-4EFB8A80805D}.Release|Any CPU.ActiveCfg = Release|x86
		{8660794C-E305-478E-90B4-4EFB8A80805D}.Release|ARM.ActiveCfg = Release|ARM
		{8660794C-E305-478E-90B4-4EFB8A80805D}.Release|ARM.Build.0 = Release|ARM
		{8660794C-E305-478E-90B4-4EFB8A80805D}.Release|ARM.Deploy.0 = Release|ARM
		{8660794C-E305-478E-90B4-4EFB8A80805D}.Release|iPhone.ActiveCfg = Release|x86
		{8660794C-E305-478E-90B4-4EFB8A80805D}.Release|iPhoneSimulator.ActiveCfg = Release|x86
		{8660794C-E305-478E-90B4-4EFB8A80805D}.Release|x64.ActiveCfg = Release|x64
		{8660794C-E305-478E-90B4-4EFB8A80805D}.Release|x64.Build.0 = Release|x64
		{8660794C-E305-478E-90B4-4EFB8A80805D}.Release|x64.Deploy.0 = Release|x64
		{8660794C-E305-478E-90B4-4EFB8A80805D}.Release|x86.ActiveCfg = Release|x86
		{8660794C-E305-478E-90B4-4EFB8A80805D}.Release|x86.Build.0 = Release|x86
		{8660794C-E305-478E-90B4-4EFB8A80805D}.Release|x86.Deploy.0 = Release|x86
		{9ED5E845-825E-4690-B9E9-2413A2CC4428}.Ad-Hoc|Any CPU.ActiveCfg = Release|Any CPU
		{9ED5E845-825E-4690-B9E9-2413A2CC4428}.Ad-Hoc|Any CPU.Build.0 = Release|Any CPU
		{9ED5E845-825E-4690-B9E9-2413A2CC4428}.Ad-Hoc|Any CPU.Deploy.0 = Release|Any CPU
		{9ED5E845-825E-4690-B9E9-2413A2CC4428}.Ad-Hoc|ARM.ActiveCfg = Release|ARM
		{9ED5E845-825E-4690-B9E9-2413A2CC4428}.Ad-Hoc|ARM.Build.0 = Release|ARM
		{9ED5E845-825E-4690-B9E9-2413A2CC4428}.Ad-Hoc|ARM.Deploy.0 = Release|ARM
		{9ED5E845-825E-4690-B9E9-2413A2CC4428}.Ad-Hoc|iPhone.ActiveCfg = Release|Any CPU
		{9ED5E845-825E-4690-B9E9-2413A2CC4428}.Ad-Hoc|iPhone.Build.0 = Release|Any CPU
		{9ED5E845-825E-4690-B9E9-2413A2CC4428}.Ad-Hoc|iPhone.Deploy.0 = Release|Any CPU
		{9ED5E845-825E-4690-B9E9-2413A2CC4428}.Ad-Hoc|iPhoneSimulator.ActiveCfg = Release|Any CPU
		{9ED5E845-825E-4690-B9E9-2413A2CC4428}.Ad-Hoc|iPhoneSimulator.Build.0 = Release|Any CPU
		{9ED5E845-825E-4690-B9E9-2413A2CC4428}.Ad-Hoc|iPhoneSimulator.Deploy.0 = Release|Any CPU
		{9ED5E845-825E-4690-B9E9-2413A2CC4428}.Ad-Hoc|x64.ActiveCfg = Release|x64
		{9ED5E845-825E-4690-B9E9-2413A2CC4428}.Ad-Hoc|x64.Build.0 = Release|x64
		{9ED5E845-825E-4690-B9E9-2413A2CC4428}.Ad-Hoc|x64.Deploy.0 = Release|x64
		{9ED5E845-825E-4690-B9E9-2413A2CC4428}.Ad-Hoc|x86.ActiveCfg = Release|x86
		{9ED5E845-825E-4690-B9E9-2413A2CC4428}.Ad-Hoc|x86.Build.0 = Release|x86
		{9ED5E845-825E-4690-B9E9-2413A2CC4428}.Ad-Hoc|x86.Deploy.0 = Release|x86
		{9ED5E845-825E-4690-B9E9-2413A2CC4428}.AppStore|Any CPU.ActiveCfg = Release|Any CPU
		{9ED5E845-825E-4690-B9E9-2413A2CC4428}.AppStore|Any CPU.Build.0 = Release|Any CPU
		{9ED5E845-825E-4690-B9E9-2413A2CC4428}.AppStore|Any CPU.Deploy.0 = Release|Any CPU
		{9ED5E845-825E-4690-B9E9-2413A2CC4428}.AppStore|ARM.ActiveCfg = Release|ARM
		{9ED5E845-825E-4690-B9E9-2413A2CC4428}.AppStore|ARM.Build.0 = Release|ARM
		{9ED5E845-825E-4690-B9E9-2413A2CC4428}.AppStore|ARM.Deploy.0 = Release|ARM
		{9ED5E845-825E-4690-B9E9-2413A2CC4428}.AppStore|iPhone.ActiveCfg = Release|Any CPU
		{9ED5E845-825E-4690-B9E9-2413A2CC4428}.AppStore|iPhone.Build.0 = Release|Any CPU
		{9ED5E845-825E-4690-B9E9-2413A2CC4428}.AppStore|iPhone.Deploy.0 = Release|Any CPU
		{9ED5E845-825E-4690-B9E9-2413A2CC4428}.AppStore|iPhoneSimulator.ActiveCfg = Release|Any CPU
		{9ED5E845-825E-4690-B9E9-2413A2CC4428}.AppStore|iPhoneSimulator.Build.0 = Release|Any CPU
		{9ED5E845-825E-4690-B9E9-2413A2CC4428}.AppStore|iPhoneSimulator.Deploy.0 = Release|Any CPU
		{9ED5E845-825E-4690-B9E9-2413A2CC4428}.AppStore|x64.ActiveCfg = Release|x64
		{9ED5E845-825E-4690-B9E9-2413A2CC4428}.AppStore|x64.Build.0 = Release|x64
		{9ED5E845-825E-4690-B9E9-2413A2CC4428}.AppStore|x64.Deploy.0 = Release|x64
		{9ED5E845-825E-4690-B9E9-2413A2CC4428}.AppStore|x86.ActiveCfg = Release|x86
		{9ED5E845-825E-4690-B9E9-2413A2CC4428}.AppStore|x86.Build.0 = Release|x86
		{9ED5E845-825E-4690-B9E9-2413A2CC4428}.AppStore|x86.Deploy.0 = Release|x86
		{9ED5E845-825E-4690-B9E9-2413A2CC4428}.Debug|Any CPU.ActiveCfg = Debug|Any CPU
		{9ED5E845-825E-4690-B9E9-2413A2CC4428}.Debug|Any CPU.Build.0 = Debug|Any CPU
		{9ED5E845-825E-4690-B9E9-2413A2CC4428}.Debug|Any CPU.Deploy.0 = Debug|Any CPU
		{9ED5E845-825E-4690-B9E9-2413A2CC4428}.Debug|ARM.ActiveCfg = Debug|ARM
		{9ED5E845-825E-4690-B9E9-2413A2CC4428}.Debug|ARM.Build.0 = Debug|ARM
		{9ED5E845-825E-4690-B9E9-2413A2CC4428}.Debug|ARM.Deploy.0 = Debug|ARM
		{9ED5E845-825E-4690-B9E9-2413A2CC4428}.Debug|iPhone.ActiveCfg = Debug|Any CPU
		{9ED5E845-825E-4690-B9E9-2413A2CC4428}.Debug|iPhone.Build.0 = Debug|Any CPU
		{9ED5E845-825E-4690-B9E9-2413A2CC4428}.Debug|iPhone.Deploy.0 = Debug|Any CPU
		{9ED5E845-825E-4690-B9E9-2413A2CC4428}.Debug|iPhoneSimulator.ActiveCfg = Debug|Any CPU
		{9ED5E845-825E-4690-B9E9-2413A2CC4428}.Debug|iPhoneSimulator.Build.0 = Debug|Any CPU
		{9ED5E845-825E-4690-B9E9-2413A2CC4428}.Debug|iPhoneSimulator.Deploy.0 = Debug|Any CPU
		{9ED5E845-825E-4690-B9E9-2413A2CC4428}.Debug|x64.ActiveCfg = Debug|x64
		{9ED5E845-825E-4690-B9E9-2413A2CC4428}.Debug|x64.Build.0 = Debug|x64
		{9ED5E845-825E-4690-B9E9-2413A2CC4428}.Debug|x64.Deploy.0 = Debug|x64
		{9ED5E845-825E-4690-B9E9-2413A2CC4428}.Debug|x86.ActiveCfg = Debug|x86
		{9ED5E845-825E-4690-B9E9-2413A2CC4428}.Debug|x86.Build.0 = Debug|x86
		{9ED5E845-825E-4690-B9E9-2413A2CC4428}.Debug|x86.Deploy.0 = Debug|x86
		{9ED5E845-825E-4690-B9E9-2413A2CC4428}.Release|Any CPU.ActiveCfg = Release|Any CPU
		{9ED5E845-825E-4690-B9E9-2413A2CC4428}.Release|Any CPU.Build.0 = Release|Any CPU
		{9ED5E845-825E-4690-B9E9-2413A2CC4428}.Release|Any CPU.Deploy.0 = Release|Any CPU
		{9ED5E845-825E-4690-B9E9-2413A2CC4428}.Release|ARM.ActiveCfg = Release|ARM
		{9ED5E845-825E-4690-B9E9-2413A2CC4428}.Release|ARM.Build.0 = Release|ARM
		{9ED5E845-825E-4690-B9E9-2413A2CC4428}.Release|ARM.Deploy.0 = Release|ARM
		{9ED5E845-825E-4690-B9E9-2413A2CC4428}.Release|iPhone.ActiveCfg = Release|Any CPU
		{9ED5E845-825E-4690-B9E9-2413A2CC4428}.Release|iPhone.Build.0 = Release|Any CPU
		{9ED5E845-825E-4690-B9E9-2413A2CC4428}.Release|iPhone.Deploy.0 = Release|Any CPU
		{9ED5E845-825E-4690-B9E9-2413A2CC4428}.Release|iPhoneSimulator.ActiveCfg = Release|Any CPU
		{9ED5E845-825E-4690-B9E9-2413A2CC4428}.Release|iPhoneSimulator.Build.0 = Release|Any CPU
		{9ED5E845-825E-4690-B9E9-2413A2CC4428}.Release|iPhoneSimulator.Deploy.0 = Release|Any CPU
		{9ED5E845-825E-4690-B9E9-2413A2CC4428}.Release|x64.ActiveCfg = Release|x64
		{9ED5E845-825E-4690-B9E9-2413A2CC4428}.Release|x64.Build.0 = Release|x64
		{9ED5E845-825E-4690-B9E9-2413A2CC4428}.Release|x64.Deploy.0 = Release|x64
		{9ED5E845-825E-4690-B9E9-2413A2CC4428}.Release|x86.ActiveCfg = Release|x86
		{9ED5E845-825E-4690-B9E9-2413A2CC4428}.Release|x86.Build.0 = Release|x86
		{9ED5E845-825E-4690-B9E9-2413A2CC4428}.Release|x86.Deploy.0 = Release|x86
	EndGlobalSection
	GlobalSection(SolutionProperties) = preSolution
		HideSolutionNode = FALSE
	EndGlobalSection
	GlobalSection(NestedProjects) = preSolution
		{8AA35D13-D389-414E-8D4C-C72B9E1B8B6F} = {47FB8D50-833A-4757-BBBE-41027C1358A4}
		{9E449101-B293-4372-8D6A-C19DB19EB764} = {47FB8D50-833A-4757-BBBE-41027C1358A4}
		{8A2E6215-90F4-4E12-9B88-970C9A6572EF} = {47FB8D50-833A-4757-BBBE-41027C1358A4}
		{8660794C-E305-478E-90B4-4EFB8A80805D} = {47FB8D50-833A-4757-BBBE-41027C1358A4}
		{9ED5E845-825E-4690-B9E9-2413A2CC4428} = {47FB8D50-833A-4757-BBBE-41027C1358A4}
		{7C771013-C077-4AB8-981D-0A6FE1A884AA} = {47FB8D50-833A-4757-BBBE-41027C1358A4}
	EndGlobalSection
EndGlobal
