
Microsoft Visual Studio Solution File, Format Version 12.00
# Visual Studio 14
VisualStudioVersion = 14.0.25123.0
MinimumVisualStudioVersion = 10.0.40219.1
Project("{FAE04EC0-301F-11D3-BF4B-00C04F79EFBC}") = "ColorThief", "ColorThief\ColorThief.csproj", "{DC2C5866-89F7-4B71-8A4A-11C2D3CF24B0}"
EndProject
Project("{D954291E-2A0B-460D-934E-DC6B0785DB48}") = "ColorThieftShared", "ColorThieftShared\ColorThieftShared.shproj", "{FECB73A5-EFA0-42F0-8B4B-22197A68D28A}"
EndProject
Project("{2150E333-8FDC-42A3-9474-1A3956D46DE8}") = "NuGet", "NuGet", "{1A07DB09-5B45-41B5-BBDB-26D468E8B8F5}"
	ProjectSection(SolutionItems) = preProject
		ColorThief.nuspec = ColorThief.nuspec
	EndProjectSection
EndProject
Project("{2150E333-8FDC-42A3-9474-1A3956D46DE8}") = "Solution Items", "Solution Items", "{270268A9-7A39-42B8-BEEA-52A7E80B7DE2}"
	ProjectSection(SolutionItems) = preProject
		LICENSE = LICENSE
		README.md = README.md
	EndProjectSection
EndProject
Project("{FAE04EC0-301F-11D3-BF4B-00C04F79EFBC}") = "ColorThief.iOS", "ColorThief.iOS\ColorThief.iOS.csproj", "{D778F4BE-E4BF-436D-B4A1-5DE48A6F785F}"
EndProject
Project("{FAE04EC0-301F-11D3-BF4B-00C04F79EFBC}") = "ColorThief.Android", "ColorThief.Android\ColorThief.Android.csproj", "{193DC806-8928-4EDC-B739-94557FFC9089}"
EndProject
Project("{2150E333-8FDC-42A3-9474-1A3956D46DE8}") = "Platforms", "Platforms", "{72BBB3BE-85C4-443A-927E-31DA4C931938}"
EndProject
Project("{FAE04EC0-301F-11D3-BF4B-00C04F79EFBC}") = "ColorThief.UWP", "ColorThief.UWP\ColorThief.UWP.csproj", "{20927F64-6F01-499E-9A3E-005DEF6D5284}"
EndProject
Project("{FAE04EC0-301F-11D3-BF4B-00C04F79EFBC}") = "ColorThief.Portable", "ColorThief.Portable\ColorThief.Portable.csproj", "{DCF18FEE-040A-4A8F-83AC-056905A7B664}"
EndProject
Global
	GlobalSection(SharedMSBuildProjectFiles) = preSolution
		ColorThieftShared\ColorThieftShared.projitems*{fecb73a5-efa0-42f0-8b4b-22197a68d28a}*SharedItemsImports = 13
		ColorThieftShared\ColorThieftShared.projitems*{dc2c5866-89f7-4b71-8a4a-11c2d3cf24b0}*SharedItemsImports = 4
	EndGlobalSection
	GlobalSection(SolutionConfigurationPlatforms) = preSolution
		Ad-Hoc|Any CPU = Ad-Hoc|Any CPU
		Ad-Hoc|ARM = Ad-Hoc|ARM
		Ad-Hoc|iPhone = Ad-Hoc|iPhone
		Ad-Hoc|iPhoneSimulator = Ad-Hoc|iPhoneSimulator
		Ad-Hoc|x64 = Ad-Hoc|x64
		Ad-Hoc|x86 = Ad-Hoc|x86
		AppStore|Any CPU = AppStore|Any CPU
		AppStore|ARM = AppStore|ARM
		AppStore|iPhone = AppStore|iPhone
		AppStore|iPhoneSimulator = AppStore|iPhoneSimulator
		AppStore|x64 = AppStore|x64
		AppStore|x86 = AppStore|x86
		Debug|Any CPU = Debug|Any CPU
		Debug|ARM = Debug|ARM
		Debug|iPhone = Debug|iPhone
		Debug|iPhoneSimulator = Debug|iPhoneSimulator
		Debug|x64 = Debug|x64
		Debug|x86 = Debug|x86
		Release|Any CPU = Release|Any CPU
		Release|ARM = Release|ARM
		Release|iPhone = Release|iPhone
		Release|iPhoneSimulator = Release|iPhoneSimulator
		Release|x64 = Release|x64
		Release|x86 = Release|x86
	EndGlobalSection
	GlobalSection(ProjectConfigurationPlatforms) = postSolution
		{DC2C5866-89F7-4B71-8A4A-11C2D3CF24B0}.Ad-Hoc|Any CPU.ActiveCfg = Release|Any CPU
		{DC2C5866-89F7-4B71-8A4A-11C2D3CF24B0}.Ad-Hoc|Any CPU.Build.0 = Release|Any CPU
		{DC2C5866-89F7-4B71-8A4A-11C2D3CF24B0}.Ad-Hoc|ARM.ActiveCfg = Release|Any CPU
		{DC2C5866-89F7-4B71-8A4A-11C2D3CF24B0}.Ad-Hoc|ARM.Build.0 = Release|Any CPU
		{DC2C5866-89F7-4B71-8A4A-11C2D3CF24B0}.Ad-Hoc|iPhone.ActiveCfg = Release|Any CPU
		{DC2C5866-89F7-4B71-8A4A-11C2D3CF24B0}.Ad-Hoc|iPhone.Build.0 = Release|Any CPU
		{DC2C5866-89F7-4B71-8A4A-11C2D3CF24B0}.Ad-Hoc|iPhoneSimulator.ActiveCfg = Release|Any CPU
		{DC2C5866-89F7-4B71-8A4A-11C2D3CF24B0}.Ad-Hoc|iPhoneSimulator.Build.0 = Release|Any CPU
		{DC2C5866-89F7-4B71-8A4A-11C2D3CF24B0}.Ad-Hoc|x64.ActiveCfg = Release|Any CPU
		{DC2C5866-89F7-4B71-8A4A-11C2D3CF24B0}.Ad-Hoc|x64.Build.0 = Release|Any CPU
		{DC2C5866-89F7-4B71-8A4A-11C2D3CF24B0}.Ad-Hoc|x86.ActiveCfg = Release|Any CPU
		{DC2C5866-89F7-4B71-8A4A-11C2D3CF24B0}.Ad-Hoc|x86.Build.0 = Release|Any CPU
		{DC2C5866-89F7-4B71-8A4A-11C2D3CF24B0}.AppStore|Any CPU.ActiveCfg = Release|Any CPU
		{DC2C5866-89F7-4B71-8A4A-11C2D3CF24B0}.AppStore|Any CPU.Build.0 = Release|Any CPU
		{DC2C5866-89F7-4B71-8A4A-11C2D3CF24B0}.AppStore|ARM.ActiveCfg = Release|Any CPU
		{DC2C5866-89F7-4B71-8A4A-11C2D3CF24B0}.AppStore|ARM.Build.0 = Release|Any CPU
		{DC2C5866-89F7-4B71-8A4A-11C2D3CF24B0}.AppStore|iPhone.ActiveCfg = Release|Any CPU
		{DC2C5866-89F7-4B71-8A4A-11C2D3CF24B0}.AppStore|iPhone.Build.0 = Release|Any CPU
		{DC2C5866-89F7-4B71-8A4A-11C2D3CF24B0}.AppStore|iPhoneSimulator.ActiveCfg = Release|Any CPU
		{DC2C5866-89F7-4B71-8A4A-11C2D3CF24B0}.AppStore|iPhoneSimulator.Build.0 = Release|Any CPU
		{DC2C5866-89F7-4B71-8A4A-11C2D3CF24B0}.AppStore|x64.ActiveCfg = Release|Any CPU
		{DC2C5866-89F7-4B71-8A4A-11C2D3CF24B0}.AppStore|x64.Build.0 = Release|Any CPU
		{DC2C5866-89F7-4B71-8A4A-11C2D3CF24B0}.AppStore|x86.ActiveCfg = Release|Any CPU
		{DC2C5866-89F7-4B71-8A4A-11C2D3CF24B0}.AppStore|x86.Build.0 = Release|Any CPU
		{DC2C5866-89F7-4B71-8A4A-11C2D3CF24B0}.Debug|Any CPU.ActiveCfg = Debug|Any CPU
		{DC2C5866-89F7-4B71-8A4A-11C2D3CF24B0}.Debug|Any CPU.Build.0 = Debug|Any CPU
		{DC2C5866-89F7-4B71-8A4A-11C2D3CF24B0}.Debug|ARM.ActiveCfg = Debug|Any CPU
		{DC2C5866-89F7-4B71-8A4A-11C2D3CF24B0}.Debug|ARM.Build.0 = Debug|Any CPU
		{DC2C5866-89F7-4B71-8A4A-11C2D3CF24B0}.Debug|iPhone.ActiveCfg = Debug|Any CPU
		{DC2C5866-89F7-4B71-8A4A-11C2D3CF24B0}.Debug|iPhone.Build.0 = Debug|Any CPU
		{DC2C5866-89F7-4B71-8A4A-11C2D3CF24B0}.Debug|iPhoneSimulator.ActiveCfg = Debug|Any CPU
		{DC2C5866-89F7-4B71-8A4A-11C2D3CF24B0}.Debug|iPhoneSimulator.Build.0 = Debug|Any CPU
		{DC2C5866-89F7-4B71-8A4A-11C2D3CF24B0}.Debug|x64.ActiveCfg = Debug|Any CPU
		{DC2C5866-89F7-4B71-8A4A-11C2D3CF24B0}.Debug|x64.Build.0 = Debug|Any CPU
		{DC2C5866-89F7-4B71-8A4A-11C2D3CF24B0}.Debug|x86.ActiveCfg = Debug|Any CPU
		{DC2C5866-89F7-4B71-8A4A-11C2D3CF24B0}.Debug|x86.Build.0 = Debug|Any CPU
		{DC2C5866-89F7-4B71-8A4A-11C2D3CF24B0}.Release|Any CPU.ActiveCfg = Release|Any CPU
		{DC2C5866-89F7-4B71-8A4A-11C2D3CF24B0}.Release|Any CPU.Build.0 = Release|Any CPU
		{DC2C5866-89F7-4B71-8A4A-11C2D3CF24B0}.Release|ARM.ActiveCfg = Release|Any CPU
		{DC2C5866-89F7-4B71-8A4A-11C2D3CF24B0}.Release|ARM.Build.0 = Release|Any CPU
		{DC2C5866-89F7-4B71-8A4A-11C2D3CF24B0}.Release|iPhone.ActiveCfg = Release|Any CPU
		{DC2C5866-89F7-4B71-8A4A-11C2D3CF24B0}.Release|iPhone.Build.0 = Release|Any CPU
		{DC2C5866-89F7-4B71-8A4A-11C2D3CF24B0}.Release|iPhoneSimulator.ActiveCfg = Release|Any CPU
		{DC2C5866-89F7-4B71-8A4A-11C2D3CF24B0}.Release|iPhoneSimulator.Build.0 = Release|Any CPU
		{DC2C5866-89F7-4B71-8A4A-11C2D3CF24B0}.Release|x64.ActiveCfg = Release|Any CPU
		{DC2C5866-89F7-4B71-8A4A-11C2D3CF24B0}.Release|x64.Build.0 = Release|Any CPU
		{DC2C5866-89F7-4B71-8A4A-11C2D3CF24B0}.Release|x86.ActiveCfg = Release|Any CPU
		{DC2C5866-89F7-4B71-8A4A-11C2D3CF24B0}.Release|x86.Build.0 = Release|Any CPU
		{D778F4BE-E4BF-436D-B4A1-5DE48A6F785F}.Ad-Hoc|Any CPU.ActiveCfg = Release|Any CPU
		{D778F4BE-E4BF-436D-B4A1-5DE48A6F785F}.Ad-Hoc|Any CPU.Build.0 = Release|Any CPU
		{D778F4BE-E4BF-436D-B4A1-5DE48A6F785F}.Ad-Hoc|ARM.ActiveCfg = Release|Any CPU
		{D778F4BE-E4BF-436D-B4A1-5DE48A6F785F}.Ad-Hoc|ARM.Build.0 = Release|Any CPU
		{D778F4BE-E4BF-436D-B4A1-5DE48A6F785F}.Ad-Hoc|iPhone.ActiveCfg = Release|Any CPU
		{D778F4BE-E4BF-436D-B4A1-5DE48A6F785F}.Ad-Hoc|iPhone.Build.0 = Release|Any CPU
		{D778F4BE-E4BF-436D-B4A1-5DE48A6F785F}.Ad-Hoc|iPhoneSimulator.ActiveCfg = Release|Any CPU
		{D778F4BE-E4BF-436D-B4A1-5DE48A6F785F}.Ad-Hoc|iPhoneSimulator.Build.0 = Release|Any CPU
		{D778F4BE-E4BF-436D-B4A1-5DE48A6F785F}.Ad-Hoc|x64.ActiveCfg = Release|Any CPU
		{D778F4BE-E4BF-436D-B4A1-5DE48A6F785F}.Ad-Hoc|x64.Build.0 = Release|Any CPU
		{D778F4BE-E4BF-436D-B4A1-5DE48A6F785F}.Ad-Hoc|x86.ActiveCfg = Release|Any CPU
		{D778F4BE-E4BF-436D-B4A1-5DE48A6F785F}.Ad-Hoc|x86.Build.0 = Release|Any CPU
		{D778F4BE-E4BF-436D-B4A1-5DE48A6F785F}.AppStore|Any CPU.ActiveCfg = Release|Any CPU
		{D778F4BE-E4BF-436D-B4A1-5DE48A6F785F}.AppStore|Any CPU.Build.0 = Release|Any CPU
		{D778F4BE-E4BF-436D-B4A1-5DE48A6F785F}.AppStore|ARM.ActiveCfg = Release|Any CPU
		{D778F4BE-E4BF-436D-B4A1-5DE48A6F785F}.AppStore|ARM.Build.0 = Release|Any CPU
		{D778F4BE-E4BF-436D-B4A1-5DE48A6F785F}.AppStore|iPhone.ActiveCfg = Release|Any CPU
		{D778F4BE-E4BF-436D-B4A1-5DE48A6F785F}.AppStore|iPhone.Build.0 = Release|Any CPU
		{D778F4BE-E4BF-436D-B4A1-5DE48A6F785F}.AppStore|iPhoneSimulator.ActiveCfg = Release|Any CPU
		{D778F4BE-E4BF-436D-B4A1-5DE48A6F785F}.AppStore|iPhoneSimulator.Build.0 = Release|Any CPU
		{D778F4BE-E4BF-436D-B4A1-5DE48A6F785F}.AppStore|x64.ActiveCfg = Release|Any CPU
		{D778F4BE-E4BF-436D-B4A1-5DE48A6F785F}.AppStore|x64.Build.0 = Release|Any CPU
		{D778F4BE-E4BF-436D-B4A1-5DE48A6F785F}.AppStore|x86.ActiveCfg = Release|Any CPU
		{D778F4BE-E4BF-436D-B4A1-5DE48A6F785F}.AppStore|x86.Build.0 = Release|Any CPU
		{D778F4BE-E4BF-436D-B4A1-5DE48A6F785F}.Debug|Any CPU.ActiveCfg = Debug|Any CPU
		{D778F4BE-E4BF-436D-B4A1-5DE48A6F785F}.Debug|Any CPU.Build.0 = Debug|Any CPU
		{D778F4BE-E4BF-436D-B4A1-5DE48A6F785F}.Debug|ARM.ActiveCfg = Debug|Any CPU
		{D778F4BE-E4BF-436D-B4A1-5DE48A6F785F}.Debug|ARM.Build.0 = Debug|Any CPU
		{D778F4BE-E4BF-436D-B4A1-5DE48A6F785F}.Debug|iPhone.ActiveCfg = Debug|Any CPU
		{D778F4BE-E4BF-436D-B4A1-5DE48A6F785F}.Debug|iPhone.Build.0 = Debug|Any CPU
		{D778F4BE-E4BF-436D-B4A1-5DE48A6F785F}.Debug|iPhoneSimulator.ActiveCfg = Debug|Any CPU
		{D778F4BE-E4BF-436D-B4A1-5DE48A6F785F}.Debug|iPhoneSimulator.Build.0 = Debug|Any CPU
		{D778F4BE-E4BF-436D-B4A1-5DE48A6F785F}.Debug|x64.ActiveCfg = Debug|Any CPU
		{D778F4BE-E4BF-436D-B4A1-5DE48A6F785F}.Debug|x64.Build.0 = Debug|Any CPU
		{D778F4BE-E4BF-436D-B4A1-5DE48A6F785F}.Debug|x86.ActiveCfg = Debug|Any CPU
		{D778F4BE-E4BF-436D-B4A1-5DE48A6F785F}.Debug|x86.Build.0 = Debug|Any CPU
		{D778F4BE-E4BF-436D-B4A1-5DE48A6F785F}.Release|Any CPU.ActiveCfg = Release|Any CPU
		{D778F4BE-E4BF-436D-B4A1-5DE48A6F785F}.Release|Any CPU.Build.0 = Release|Any CPU
		{D778F4BE-E4BF-436D-B4A1-5DE48A6F785F}.Release|ARM.ActiveCfg = Release|Any CPU
		{D778F4BE-E4BF-436D-B4A1-5DE48A6F785F}.Release|ARM.Build.0 = Release|Any CPU
		{D778F4BE-E4BF-436D-B4A1-5DE48A6F785F}.Release|iPhone.ActiveCfg = Release|Any CPU
		{D778F4BE-E4BF-436D-B4A1-5DE48A6F785F}.Release|iPhone.Build.0 = Release|Any CPU
		{D778F4BE-E4BF-436D-B4A1-5DE48A6F785F}.Release|iPhoneSimulator.ActiveCfg = Release|Any CPU
		{D778F4BE-E4BF-436D-B4A1-5DE48A6F785F}.Release|iPhoneSimulator.Build.0 = Release|Any CPU
		{D778F4BE-E4BF-436D-B4A1-5DE48A6F785F}.Release|x64.ActiveCfg = Release|Any CPU
		{D778F4BE-E4BF-436D-B4A1-5DE48A6F785F}.Release|x64.Build.0 = Release|Any CPU
		{D778F4BE-E4BF-436D-B4A1-5DE48A6F785F}.Release|x86.ActiveCfg = Release|Any CPU
		{D778F4BE-E4BF-436D-B4A1-5DE48A6F785F}.Release|x86.Build.0 = Release|Any CPU
		{193DC806-8928-4EDC-B739-94557FFC9089}.Ad-Hoc|Any CPU.ActiveCfg = Release|Any CPU
		{193DC806-8928-4EDC-B739-94557FFC9089}.Ad-Hoc|Any CPU.Build.0 = Release|Any CPU
		{193DC806-8928-4EDC-B739-94557FFC9089}.Ad-Hoc|ARM.ActiveCfg = Release|Any CPU
		{193DC806-8928-4EDC-B739-94557FFC9089}.Ad-Hoc|ARM.Build.0 = Release|Any CPU
		{193DC806-8928-4EDC-B739-94557FFC9089}.Ad-Hoc|iPhone.ActiveCfg = Release|Any CPU
		{193DC806-8928-4EDC-B739-94557FFC9089}.Ad-Hoc|iPhone.Build.0 = Release|Any CPU
		{193DC806-8928-4EDC-B739-94557FFC9089}.Ad-Hoc|iPhoneSimulator.ActiveCfg = Release|Any CPU
		{193DC806-8928-4EDC-B739-94557FFC9089}.Ad-Hoc|iPhoneSimulator.Build.0 = Release|Any CPU
		{193DC806-8928-4EDC-B739-94557FFC9089}.Ad-Hoc|x64.ActiveCfg = Release|Any CPU
		{193DC806-8928-4EDC-B739-94557FFC9089}.Ad-Hoc|x64.Build.0 = Release|Any CPU
		{193DC806-8928-4EDC-B739-94557FFC9089}.Ad-Hoc|x86.ActiveCfg = Release|Any CPU
		{193DC806-8928-4EDC-B739-94557FFC9089}.Ad-Hoc|x86.Build.0 = Release|Any CPU
		{193DC806-8928-4EDC-B739-94557FFC9089}.AppStore|Any CPU.ActiveCfg = Release|Any CPU
		{193DC806-8928-4EDC-B739-94557FFC9089}.AppStore|Any CPU.Build.0 = Release|Any CPU
		{193DC806-8928-4EDC-B739-94557FFC9089}.AppStore|ARM.ActiveCfg = Release|Any CPU
		{193DC806-8928-4EDC-B739-94557FFC9089}.AppStore|ARM.Build.0 = Release|Any CPU
		{193DC806-8928-4EDC-B739-94557FFC9089}.AppStore|iPhone.ActiveCfg = Release|Any CPU
		{193DC806-8928-4EDC-B739-94557FFC9089}.AppStore|iPhone.Build.0 = Release|Any CPU
		{193DC806-8928-4EDC-B739-94557FFC9089}.AppStore|iPhoneSimulator.ActiveCfg = Release|Any CPU
		{193DC806-8928-4EDC-B739-94557FFC9089}.AppStore|iPhoneSimulator.Build.0 = Release|Any CPU
		{193DC806-8928-4EDC-B739-94557FFC9089}.AppStore|x64.ActiveCfg = Release|Any CPU
		{193DC806-8928-4EDC-B739-94557FFC9089}.AppStore|x64.Build.0 = Release|Any CPU
		{193DC806-8928-4EDC-B739-94557FFC9089}.AppStore|x86.ActiveCfg = Release|Any CPU
		{193DC806-8928-4EDC-B739-94557FFC9089}.AppStore|x86.Build.0 = Release|Any CPU
		{193DC806-8928-4EDC-B739-94557FFC9089}.Debug|Any CPU.ActiveCfg = Debug|Any CPU
		{193DC806-8928-4EDC-B739-94557FFC9089}.Debug|Any CPU.Build.0 = Debug|Any CPU
		{193DC806-8928-4EDC-B739-94557FFC9089}.Debug|ARM.ActiveCfg = Debug|Any CPU
		{193DC806-8928-4EDC-B739-94557FFC9089}.Debug|ARM.Build.0 = Debug|Any CPU
		{193DC806-8928-4EDC-B739-94557FFC9089}.Debug|iPhone.ActiveCfg = Debug|Any CPU
		{193DC806-8928-4EDC-B739-94557FFC9089}.Debug|iPhone.Build.0 = Debug|Any CPU
		{193DC806-8928-4EDC-B739-94557FFC9089}.Debug|iPhoneSimulator.ActiveCfg = Debug|Any CPU
		{193DC806-8928-4EDC-B739-94557FFC9089}.Debug|iPhoneSimulator.Build.0 = Debug|Any CPU
		{193DC806-8928-4EDC-B739-94557FFC9089}.Debug|x64.ActiveCfg = Debug|Any CPU
		{193DC806-8928-4EDC-B739-94557FFC9089}.Debug|x64.Build.0 = Debug|Any CPU
		{193DC806-8928-4EDC-B739-94557FFC9089}.Debug|x86.ActiveCfg = Debug|Any CPU
		{193DC806-8928-4EDC-B739-94557FFC9089}.Debug|x86.Build.0 = Debug|Any CPU
		{193DC806-8928-4EDC-B739-94557FFC9089}.Release|Any CPU.ActiveCfg = Release|Any CPU
		{193DC806-8928-4EDC-B739-94557FFC9089}.Release|Any CPU.Build.0 = Release|Any CPU
		{193DC806-8928-4EDC-B739-94557FFC9089}.Release|ARM.ActiveCfg = Release|Any CPU
		{193DC806-8928-4EDC-B739-94557FFC9089}.Release|ARM.Build.0 = Release|Any CPU
		{193DC806-8928-4EDC-B739-94557FFC9089}.Release|iPhone.ActiveCfg = Release|Any CPU
		{193DC806-8928-4EDC-B739-94557FFC9089}.Release|iPhone.Build.0 = Release|Any CPU
		{193DC806-8928-4EDC-B739-94557FFC9089}.Release|iPhoneSimulator.ActiveCfg = Release|Any CPU
		{193DC806-8928-4EDC-B739-94557FFC9089}.Release|iPhoneSimulator.Build.0 = Release|Any CPU
		{193DC806-8928-4EDC-B739-94557FFC9089}.Release|x64.ActiveCfg = Release|Any CPU
		{193DC806-8928-4EDC-B739-94557FFC9089}.Release|x64.Build.0 = Release|Any CPU
		{193DC806-8928-4EDC-B739-94557FFC9089}.Release|x86.ActiveCfg = Release|Any CPU
		{193DC806-8928-4EDC-B739-94557FFC9089}.Release|x86.Build.0 = Release|Any CPU
		{20927F64-6F01-499E-9A3E-005DEF6D5284}.Ad-Hoc|Any CPU.ActiveCfg = Release|Any CPU
		{20927F64-6F01-499E-9A3E-005DEF6D5284}.Ad-Hoc|Any CPU.Build.0 = Release|Any CPU
		{20927F64-6F01-499E-9A3E-005DEF6D5284}.Ad-Hoc|ARM.ActiveCfg = Release|ARM
		{20927F64-6F01-499E-9A3E-005DEF6D5284}.Ad-Hoc|ARM.Build.0 = Release|ARM
		{20927F64-6F01-499E-9A3E-005DEF6D5284}.Ad-Hoc|iPhone.ActiveCfg = Release|Any CPU
		{20927F64-6F01-499E-9A3E-005DEF6D5284}.Ad-Hoc|iPhone.Build.0 = Release|Any CPU
		{20927F64-6F01-499E-9A3E-005DEF6D5284}.Ad-Hoc|iPhoneSimulator.ActiveCfg = Release|Any CPU
		{20927F64-6F01-499E-9A3E-005DEF6D5284}.Ad-Hoc|iPhoneSimulator.Build.0 = Release|Any CPU
		{20927F64-6F01-499E-9A3E-005DEF6D5284}.Ad-Hoc|x64.ActiveCfg = Release|x64
		{20927F64-6F01-499E-9A3E-005DEF6D5284}.Ad-Hoc|x64.Build.0 = Release|x64
		{20927F64-6F01-499E-9A3E-005DEF6D5284}.Ad-Hoc|x86.ActiveCfg = Release|x86
		{20927F64-6F01-499E-9A3E-005DEF6D5284}.Ad-Hoc|x86.Build.0 = Release|x86
		{20927F64-6F01-499E-9A3E-005DEF6D5284}.AppStore|Any CPU.ActiveCfg = Release|Any CPU
		{20927F64-6F01-499E-9A3E-005DEF6D5284}.AppStore|Any CPU.Build.0 = Release|Any CPU
		{20927F64-6F01-499E-9A3E-005DEF6D5284}.AppStore|ARM.ActiveCfg = Release|ARM
		{20927F64-6F01-499E-9A3E-005DEF6D5284}.AppStore|ARM.Build.0 = Release|ARM
		{20927F64-6F01-499E-9A3E-005DEF6D5284}.AppStore|iPhone.ActiveCfg = Release|Any CPU
		{20927F64-6F01-499E-9A3E-005DEF6D5284}.AppStore|iPhone.Build.0 = Release|Any CPU
		{20927F64-6F01-499E-9A3E-005DEF6D5284}.AppStore|iPhoneSimulator.ActiveCfg = Release|Any CPU
		{20927F64-6F01-499E-9A3E-005DEF6D5284}.AppStore|iPhoneSimulator.Build.0 = Release|Any CPU
		{20927F64-6F01-499E-9A3E-005DEF6D5284}.AppStore|x64.ActiveCfg = Release|x64
		{20927F64-6F01-499E-9A3E-005DEF6D5284}.AppStore|x64.Build.0 = Release|x64
		{20927F64-6F01-499E-9A3E-005DEF6D5284}.AppStore|x86.ActiveCfg = Release|x86
		{20927F64-6F01-499E-9A3E-005DEF6D5284}.AppStore|x86.Build.0 = Release|x86
		{20927F64-6F01-499E-9A3E-005DEF6D5284}.Debug|Any CPU.ActiveCfg = Debug|Any CPU
		{20927F64-6F01-499E-9A3E-005DEF6D5284}.Debug|Any CPU.Build.0 = Debug|Any CPU
		{20927F64-6F01-499E-9A3E-005DEF6D5284}.Debug|ARM.ActiveCfg = Debug|ARM
		{20927F64-6F01-499E-9A3E-005DEF6D5284}.Debug|ARM.Build.0 = Debug|ARM
		{20927F64-6F01-499E-9A3E-005DEF6D5284}.Debug|iPhone.ActiveCfg = Debug|Any CPU
		{20927F64-6F01-499E-9A3E-005DEF6D5284}.Debug|iPhone.Build.0 = Debug|Any CPU
		{20927F64-6F01-499E-9A3E-005DEF6D5284}.Debug|iPhoneSimulator.ActiveCfg = Debug|Any CPU
		{20927F64-6F01-499E-9A3E-005DEF6D5284}.Debug|iPhoneSimulator.Build.0 = Debug|Any CPU
		{20927F64-6F01-499E-9A3E-005DEF6D5284}.Debug|x64.ActiveCfg = Debug|x64
		{20927F64-6F01-499E-9A3E-005DEF6D5284}.Debug|x64.Build.0 = Debug|x64
		{20927F64-6F01-499E-9A3E-005DEF6D5284}.Debug|x86.ActiveCfg = Debug|x86
		{20927F64-6F01-499E-9A3E-005DEF6D5284}.Debug|x86.Build.0 = Debug|x86
		{20927F64-6F01-499E-9A3E-005DEF6D5284}.Release|Any CPU.ActiveCfg = Release|Any CPU
		{20927F64-6F01-499E-9A3E-005DEF6D5284}.Release|Any CPU.Build.0 = Release|Any CPU
		{20927F64-6F01-499E-9A3E-005DEF6D5284}.Release|ARM.ActiveCfg = Release|ARM
		{20927F64-6F01-499E-9A3E-005DEF6D5284}.Release|ARM.Build.0 = Release|ARM
		{20927F64-6F01-499E-9A3E-005DEF6D5284}.Release|iPhone.ActiveCfg = Release|Any CPU
		{20927F64-6F01-499E-9A3E-005DEF6D5284}.Release|iPhone.Build.0 = Release|Any CPU
		{20927F64-6F01-499E-9A3E-005DEF6D5284}.Release|iPhoneSimulator.ActiveCfg = Release|Any CPU
		{20927F64-6F01-499E-9A3E-005DEF6D5284}.Release|iPhoneSimulator.Build.0 = Release|Any CPU
		{20927F64-6F01-499E-9A3E-005DEF6D5284}.Release|x64.ActiveCfg = Release|x64
		{20927F64-6F01-499E-9A3E-005DEF6D5284}.Release|x64.Build.0 = Release|x64
		{20927F64-6F01-499E-9A3E-005DEF6D5284}.Release|x86.ActiveCfg = Release|x86
		{20927F64-6F01-499E-9A3E-005DEF6D5284}.Release|x86.Build.0 = Release|x86
		{DCF18FEE-040A-4A8F-83AC-056905A7B664}.Ad-Hoc|Any CPU.ActiveCfg = Release|Any CPU
		{DCF18FEE-040A-4A8F-83AC-056905A7B664}.Ad-Hoc|Any CPU.Build.0 = Release|Any CPU
		{DCF18FEE-040A-4A8F-83AC-056905A7B664}.Ad-Hoc|ARM.ActiveCfg = Release|Any CPU
		{DCF18FEE-040A-4A8F-83AC-056905A7B664}.Ad-Hoc|ARM.Build.0 = Release|Any CPU
		{DCF18FEE-040A-4A8F-83AC-056905A7B664}.Ad-Hoc|iPhone.ActiveCfg = Release|Any CPU
		{DCF18FEE-040A-4A8F-83AC-056905A7B664}.Ad-Hoc|iPhone.Build.0 = Release|Any CPU
		{DCF18FEE-040A-4A8F-83AC-056905A7B664}.Ad-Hoc|iPhoneSimulator.ActiveCfg = Release|Any CPU
		{DCF18FEE-040A-4A8F-83AC-056905A7B664}.Ad-Hoc|iPhoneSimulator.Build.0 = Release|Any CPU
		{DCF18FEE-040A-4A8F-83AC-056905A7B664}.Ad-Hoc|x64.ActiveCfg = Release|Any CPU
		{DCF18FEE-040A-4A8F-83AC-056905A7B664}.Ad-Hoc|x64.Build.0 = Release|Any CPU
		{DCF18FEE-040A-4A8F-83AC-056905A7B664}.Ad-Hoc|x86.ActiveCfg = Release|Any CPU
		{DCF18FEE-040A-4A8F-83AC-056905A7B664}.Ad-Hoc|x86.Build.0 = Release|Any CPU
		{DCF18FEE-040A-4A8F-83AC-056905A7B664}.AppStore|Any CPU.ActiveCfg = Release|Any CPU
		{DCF18FEE-040A-4A8F-83AC-056905A7B664}.AppStore|Any CPU.Build.0 = Release|Any CPU
		{DCF18FEE-040A-4A8F-83AC-056905A7B664}.AppStore|ARM.ActiveCfg = Release|Any CPU
		{DCF18FEE-040A-4A8F-83AC-056905A7B664}.AppStore|ARM.Build.0 = Release|Any CPU
		{DCF18FEE-040A-4A8F-83AC-056905A7B664}.AppStore|iPhone.ActiveCfg = Release|Any CPU
		{DCF18FEE-040A-4A8F-83AC-056905A7B664}.AppStore|iPhone.Build.0 = Release|Any CPU
		{DCF18FEE-040A-4A8F-83AC-056905A7B664}.AppStore|iPhoneSimulator.ActiveCfg = Release|Any CPU
		{DCF18FEE-040A-4A8F-83AC-056905A7B664}.AppStore|iPhoneSimulator.Build.0 = Release|Any CPU
		{DCF18FEE-040A-4A8F-83AC-056905A7B664}.AppStore|x64.ActiveCfg = Release|Any CPU
		{DCF18FEE-040A-4A8F-83AC-056905A7B664}.AppStore|x64.Build.0 = Release|Any CPU
		{DCF18FEE-040A-4A8F-83AC-056905A7B664}.AppStore|x86.ActiveCfg = Release|Any CPU
		{DCF18FEE-040A-4A8F-83AC-056905A7B664}.AppStore|x86.Build.0 = Release|Any CPU
		{DCF18FEE-040A-4A8F-83AC-056905A7B664}.Debug|Any CPU.ActiveCfg = Debug|Any CPU
		{DCF18FEE-040A-4A8F-83AC-056905A7B664}.Debug|Any CPU.Build.0 = Debug|Any CPU
		{DCF18FEE-040A-4A8F-83AC-056905A7B664}.Debug|ARM.ActiveCfg = Debug|Any CPU
		{DCF18FEE-040A-4A8F-83AC-056905A7B664}.Debug|ARM.Build.0 = Debug|Any CPU
		{DCF18FEE-040A-4A8F-83AC-056905A7B664}.Debug|iPhone.ActiveCfg = Debug|Any CPU
		{DCF18FEE-040A-4A8F-83AC-056905A7B664}.Debug|iPhone.Build.0 = Debug|Any CPU
		{DCF18FEE-040A-4A8F-83AC-056905A7B664}.Debug|iPhoneSimulator.ActiveCfg = Debug|Any CPU
		{DCF18FEE-040A-4A8F-83AC-056905A7B664}.Debug|iPhoneSimulator.Build.0 = Debug|Any CPU
		{DCF18FEE-040A-4A8F-83AC-056905A7B664}.Debug|x64.ActiveCfg = Debug|Any CPU
		{DCF18FEE-040A-4A8F-83AC-056905A7B664}.Debug|x64.Build.0 = Debug|Any CPU
		{DCF18FEE-040A-4A8F-83AC-056905A7B664}.Debug|x86.ActiveCfg = Debug|Any CPU
		{DCF18FEE-040A-4A8F-83AC-056905A7B664}.Debug|x86.Build.0 = Debug|Any CPU
		{DCF18FEE-040A-4A8F-83AC-056905A7B664}.Release|Any CPU.ActiveCfg = Release|Any CPU
		{DCF18FEE-040A-4A8F-83AC-056905A7B664}.Release|Any CPU.Build.0 = Release|Any CPU
		{DCF18FEE-040A-4A8F-83AC-056905A7B664}.Release|ARM.ActiveCfg = Release|Any CPU
		{DCF18FEE-040A-4A8F-83AC-056905A7B664}.Release|ARM.Build.0 = Release|Any CPU
		{DCF18FEE-040A-4A8F-83AC-056905A7B664}.Release|iPhone.ActiveCfg = Release|Any CPU
		{DCF18FEE-040A-4A8F-83AC-056905A7B664}.Release|iPhone.Build.0 = Release|Any CPU
		{DCF18FEE-040A-4A8F-83AC-056905A7B664}.Release|iPhoneSimulator.ActiveCfg = Release|Any CPU
		{DCF18FEE-040A-4A8F-83AC-056905A7B664}.Release|iPhoneSimulator.Build.0 = Release|Any CPU
		{DCF18FEE-040A-4A8F-83AC-056905A7B664}.Release|x64.ActiveCfg = Release|Any CPU
		{DCF18FEE-040A-4A8F-83AC-056905A7B664}.Release|x64.Build.0 = Release|Any CPU
		{DCF18FEE-040A-4A8F-83AC-056905A7B664}.Release|x86.ActiveCfg = Release|Any CPU
		{DCF18FEE-040A-4A8F-83AC-056905A7B664}.Release|x86.Build.0 = Release|Any CPU
	EndGlobalSection
	GlobalSection(SolutionProperties) = preSolution
		HideSolutionNode = FALSE
	EndGlobalSection
	GlobalSection(NestedProjects) = preSolution
		{D778F4BE-E4BF-436D-B4A1-5DE48A6F785F} = {72BBB3BE-85C4-443A-927E-31DA4C931938}
		{193DC806-8928-4EDC-B739-94557FFC9089} = {72BBB3BE-85C4-443A-927E-31DA4C931938}
		{20927F64-6F01-499E-9A3E-005DEF6D5284} = {72BBB3BE-85C4-443A-927E-31DA4C931938}
		{DCF18FEE-040A-4A8F-83AC-056905A7B664} = {72BBB3BE-85C4-443A-927E-31DA4C931938}
	EndGlobalSection
EndGlobal
