
Microsoft Visual Studio Solution File, Format Version 12.00
# Visual Studio 14
VisualStudioVersion = 14.0.25420.1
MinimumVisualStudioVersion = 10.0.40219.1
Project("{D954291E-2A0B-460D-934E-DC6B0785DB48}") = "ColorThieft.Shared", "ColorThieft.Shared\ColorThieft.Shared.shproj", "{FECB73A5-EFA0-42F0-8B4B-22197A68D28A}"
EndProject
Project("{2150E333-8FDC-42A3-9474-1A3956D46DE8}") = "NuGet", "NuGet", "{1A07DB09-5B45-41B5-BBDB-26D468E8B8F5}"
	ProjectSection(SolutionItems) = preProject
		ColorThief.nuspec = ColorThief.nuspec
	EndProjectSection
EndProject
Project("{2150E333-8FDC-42A3-9474-1A3956D46DE8}") = "Solution Items", "Solution Items", "{270268A9-7A39-42B8-BEEA-52A7E80B7DE2}"
	ProjectSection(SolutionItems) = preProject
		LICENSE = LICENSE
		README.md = README.md
	EndProjectSection
EndProject
Project("{FAE04EC0-301F-11D3-BF4B-00C04F79EFBC}") = "ColorThief.iOS", "ColorThief.iOS\ColorThief.iOS.csproj", "{D778F4BE-E4BF-436D-B4A1-5DE48A6F785F}"
EndProject
Project("{FAE04EC0-301F-11D3-BF4B-00C04F79EFBC}") = "ColorThief.Android", "ColorThief.Android\ColorThief.Android.csproj", "{193DC806-8928-4EDC-B739-94557FFC9089}"
EndProject
Project("{2150E333-8FDC-42A3-9474-1A3956D46DE8}") = "Platforms", "Platforms", "{72BBB3BE-85C4-443A-927E-31DA4C931938}"
EndProject
Project("{FAE04EC0-301F-11D3-BF4B-00C04F79EFBC}") = "ColorThief.UWP", "ColorThief.UWP\ColorThief.UWP.csproj", "{20927F64-6F01-499E-9A3E-005DEF6D5284}"
EndProject
Project("{FAE04EC0-301F-11D3-BF4B-00C04F79EFBC}") = "ColorThief.Portable", "ColorThief.Portable\ColorThief.Portable.csproj", "{DCF18FEE-040A-4A8F-83AC-056905A7B664}"
EndProject
Project("{FAE04EC0-301F-11D3-BF4B-00C04F79EFBC}") = "ColorThief.Desktop.v45", "ColorThief.Desktop.v45\ColorThief.Desktop.v45.csproj", "{1F4D8009-BE26-4BF9-A085-4DC1C1930AA8}"
EndProject
Project("{FAE04EC0-301F-11D3-BF4B-00C04F79EFBC}") = "ColorThief.Desktop.v46", "ColorThief.Desktop.v46\ColorThief.Desktop.v46.csproj", "{53BC135E-85DC-49AD-812B-4682411BD3E3}"
EndProject
Project("{2150E333-8FDC-42A3-9474-1A3956D46DE8}") = "Tests", "Tests", "{1F207E55-8C72-43A2-84D0-8905826EE928}"
EndProject
Project("{FAE04EC0-301F-11D3-BF4B-00C04F79EFBC}") = "ColorTestApp.Droid", "ColorTestApp\ColorTestApp.Droid\ColorTestApp.Droid.csproj", "{69DC3AE9-F01C-4CE4-B045-EF035A76E24E}"
EndProject
Project("{FAE04EC0-301F-11D3-BF4B-00C04F79EFBC}") = "ColorTestApp.iOS", "ColorTestApp\ColorTestApp.iOS\ColorTestApp.iOS.csproj", "{8C8F2965-64A6-4506-A012-E829A2DE8F53}"
EndProject
Project("{FAE04EC0-301F-11D3-BF4B-00C04F79EFBC}") = "ColorTestApp.UWP", "ColorTestApp\ColorTestApp.UWP\ColorTestApp.UWP.csproj", "{CA63949B-E3AF-4979-BDA4-44DF2C4C53E3}"
EndProject
Project("{D954291E-2A0B-460D-934E-DC6B0785DB48}") = "ColorTestApp", "ColorTestApp\ColorTestApp\ColorTestApp.shproj", "{487914FD-C237-49F7-ABBE-1C96635577AF}"
EndProject
Global
	GlobalSection(SharedMSBuildProjectFiles) = preSolution
		ColorThieft.Shared\ColorThieftShared.projitems*{193dc806-8928-4edc-b739-94557ffc9089}*SharedItemsImports = 4
		ColorThieft.Shared\ColorThieftShared.projitems*{1f4d8009-be26-4bf9-a085-4dc1c1930aa8}*SharedItemsImports = 4
		ColorThieft.Shared\ColorThieftShared.projitems*{20927f64-6f01-499e-9a3e-005def6d5284}*SharedItemsImports = 4
		ColorTestApp\ColorTestApp\ColorTestApp.projitems*{487914fd-c237-49f7-abbe-1c96635577af}*SharedItemsImports = 13
		ColorThieft.Shared\ColorThieftShared.projitems*{53bc135e-85dc-49ad-812b-4682411bd3e3}*SharedItemsImports = 4
		ColorThieft.Shared\ColorThieftShared.projitems*{d778f4be-e4bf-436d-b4a1-5de48a6f785f}*SharedItemsImports = 4
		ColorThieft.Shared\ColorThieftShared.projitems*{dcf18fee-040a-4a8f-83ac-056905a7b664}*SharedItemsImports = 4
		ColorThieft.Shared\ColorThieftShared.projitems*{fecb73a5-efa0-42f0-8b4b-22197a68d28a}*SharedItemsImports = 13
	EndGlobalSection
	GlobalSection(SolutionConfigurationPlatforms) = preSolution
		Ad-Hoc|Any CPU = Ad-Hoc|Any CPU
		Ad-Hoc|ARM = Ad-Hoc|ARM
		Ad-Hoc|iPhone = Ad-Hoc|iPhone
		Ad-Hoc|iPhoneSimulator = Ad-Hoc|iPhoneSimulator
		Ad-Hoc|x64 = Ad-Hoc|x64
		Ad-Hoc|x86 = Ad-Hoc|x86
		AppStore|Any CPU = AppStore|Any CPU
		AppStore|ARM = AppStore|ARM
		AppStore|iPhone = AppStore|iPhone
		AppStore|iPhoneSimulator = AppStore|iPhoneSimulator
		AppStore|x64 = AppStore|x64
		AppStore|x86 = AppStore|x86
		Debug|Any CPU = Debug|Any CPU
		Debug|ARM = Debug|ARM
		Debug|iPhone = Debug|iPhone
		Debug|iPhoneSimulator = Debug|iPhoneSimulator
		Debug|x64 = Debug|x64
		Debug|x86 = Debug|x86
		Release|Any CPU = Release|Any CPU
		Release|ARM = Release|ARM
		Release|iPhone = Release|iPhone
		Release|iPhoneSimulator = Release|iPhoneSimulator
		Release|x64 = Release|x64
		Release|x86 = Release|x86
	EndGlobalSection
	GlobalSection(ProjectConfigurationPlatforms) = postSolution
		{D778F4BE-E4BF-436D-B4A1-5DE48A6F785F}.Ad-Hoc|Any CPU.ActiveCfg = Release|Any CPU
		{D778F4BE-E4BF-436D-B4A1-5DE48A6F785F}.Ad-Hoc|Any CPU.Build.0 = Release|Any CPU
		{D778F4BE-E4BF-436D-B4A1-5DE48A6F785F}.Ad-Hoc|ARM.ActiveCfg = Release|Any CPU
		{D778F4BE-E4BF-436D-B4A1-5DE48A6F785F}.Ad-Hoc|ARM.Build.0 = Release|Any CPU
		{D778F4BE-E4BF-436D-B4A1-5DE48A6F785F}.Ad-Hoc|iPhone.ActiveCfg = Release|Any CPU
		{D778F4BE-E4BF-436D-B4A1-5DE48A6F785F}.Ad-Hoc|iPhone.Build.0 = Release|Any CPU
		{D778F4BE-E4BF-436D-B4A1-5DE48A6F785F}.Ad-Hoc|iPhoneSimulator.ActiveCfg = Release|Any CPU
		{D778F4BE-E4BF-436D-B4A1-5DE48A6F785F}.Ad-Hoc|iPhoneSimulator.Build.0 = Release|Any CPU
		{D778F4BE-E4BF-436D-B4A1-5DE48A6F785F}.Ad-Hoc|x64.ActiveCfg = Release|Any CPU
		{D778F4BE-E4BF-436D-B4A1-5DE48A6F785F}.Ad-Hoc|x64.Build.0 = Release|Any CPU
		{D778F4BE-E4BF-436D-B4A1-5DE48A6F785F}.Ad-Hoc|x86.ActiveCfg = Release|Any CPU
		{D778F4BE-E4BF-436D-B4A1-5DE48A6F785F}.Ad-Hoc|x86.Build.0 = Release|Any CPU
		{D778F4BE-E4BF-436D-B4A1-5DE48A6F785F}.AppStore|Any CPU.ActiveCfg = Release|Any CPU
		{D778F4BE-E4BF-436D-B4A1-5DE48A6F785F}.AppStore|Any CPU.Build.0 = Release|Any CPU
		{D778F4BE-E4BF-436D-B4A1-5DE48A6F785F}.AppStore|ARM.ActiveCfg = Release|Any CPU
		{D778F4BE-E4BF-436D-B4A1-5DE48A6F785F}.AppStore|ARM.Build.0 = Release|Any CPU
		{D778F4BE-E4BF-436D-B4A1-5DE48A6F785F}.AppStore|iPhone.ActiveCfg = Release|Any CPU
		{D778F4BE-E4BF-436D-B4A1-5DE48A6F785F}.AppStore|iPhone.Build.0 = Release|Any CPU
		{D778F4BE-E4BF-436D-B4A1-5DE48A6F785F}.AppStore|iPhoneSimulator.ActiveCfg = Release|Any CPU
		{D778F4BE-E4BF-436D-B4A1-5DE48A6F785F}.AppStore|iPhoneSimulator.Build.0 = Release|Any CPU
		{D778F4BE-E4BF-436D-B4A1-5DE48A6F785F}.AppStore|x64.ActiveCfg = Release|Any CPU
		{D778F4BE-E4BF-436D-B4A1-5DE48A6F785F}.AppStore|x64.Build.0 = Release|Any CPU
		{D778F4BE-E4BF-436D-B4A1-5DE48A6F785F}.AppStore|x86.ActiveCfg = Release|Any CPU
		{D778F4BE-E4BF-436D-B4A1-5DE48A6F785F}.AppStore|x86.Build.0 = Release|Any CPU
		{D778F4BE-E4BF-436D-B4A1-5DE48A6F785F}.Debug|Any CPU.ActiveCfg = Debug|Any CPU
		{D778F4BE-E4BF-436D-B4A1-5DE48A6F785F}.Debug|Any CPU.Build.0 = Debug|Any CPU
		{D778F4BE-E4BF-436D-B4A1-5DE48A6F785F}.Debug|ARM.ActiveCfg = Debug|Any CPU
		{D778F4BE-E4BF-436D-B4A1-5DE48A6F785F}.Debug|ARM.Build.0 = Debug|Any CPU
		{D778F4BE-E4BF-436D-B4A1-5DE48A6F785F}.Debug|iPhone.ActiveCfg = Debug|Any CPU
		{D778F4BE-E4BF-436D-B4A1-5DE48A6F785F}.Debug|iPhone.Build.0 = Debug|Any CPU
		{D778F4BE-E4BF-436D-B4A1-5DE48A6F785F}.Debug|iPhoneSimulator.ActiveCfg = Debug|Any CPU
		{D778F4BE-E4BF-436D-B4A1-5DE48A6F785F}.Debug|iPhoneSimulator.Build.0 = Debug|Any CPU
		{D778F4BE-E4BF-436D-B4A1-5DE48A6F785F}.Debug|x64.ActiveCfg = Debug|Any CPU
		{D778F4BE-E4BF-436D-B4A1-5DE48A6F785F}.Debug|x64.Build.0 = Debug|Any CPU
		{D778F4BE-E4BF-436D-B4A1-5DE48A6F785F}.Debug|x86.ActiveCfg = Debug|Any CPU
		{D778F4BE-E4BF-436D-B4A1-5DE48A6F785F}.Debug|x86.Build.0 = Debug|Any CPU
		{D778F4BE-E4BF-436D-B4A1-5DE48A6F785F}.Release|Any CPU.ActiveCfg = Release|Any CPU
		{D778F4BE-E4BF-436D-B4A1-5DE48A6F785F}.Release|Any CPU.Build.0 = Release|Any CPU
		{D778F4BE-E4BF-436D-B4A1-5DE48A6F785F}.Release|ARM.ActiveCfg = Release|Any CPU
		{D778F4BE-E4BF-436D-B4A1-5DE48A6F785F}.Release|ARM.Build.0 = Release|Any CPU
		{D778F4BE-E4BF-436D-B4A1-5DE48A6F785F}.Release|iPhone.ActiveCfg = Release|Any CPU
		{D778F4BE-E4BF-436D-B4A1-5DE48A6F785F}.Release|iPhone.Build.0 = Release|Any CPU
		{D778F4BE-E4BF-436D-B4A1-5DE48A6F785F}.Release|iPhoneSimulator.ActiveCfg = Release|Any CPU
		{D778F4BE-E4BF-436D-B4A1-5DE48A6F785F}.Release|iPhoneSimulator.Build.0 = Release|Any CPU
		{D778F4BE-E4BF-436D-B4A1-5DE48A6F785F}.Release|x64.ActiveCfg = Release|Any CPU
		{D778F4BE-E4BF-436D-B4A1-5DE48A6F785F}.Release|x64.Build.0 = Release|Any CPU
		{D778F4BE-E4BF-436D-B4A1-5DE48A6F785F}.Release|x86.ActiveCfg = Release|Any CPU
		{D778F4BE-E4BF-436D-B4A1-5DE48A6F785F}.Release|x86.Build.0 = Release|Any CPU
		{193DC806-8928-4EDC-B739-94557FFC9089}.Ad-Hoc|Any CPU.ActiveCfg = Release|Any CPU
		{193DC806-8928-4EDC-B739-94557FFC9089}.Ad-Hoc|Any CPU.Build.0 = Release|Any CPU
		{193DC806-8928-4EDC-B739-94557FFC9089}.Ad-Hoc|ARM.ActiveCfg = Release|Any CPU
		{193DC806-8928-4EDC-B739-94557FFC9089}.Ad-Hoc|ARM.Build.0 = Release|Any CPU
		{193DC806-8928-4EDC-B739-94557FFC9089}.Ad-Hoc|iPhone.ActiveCfg = Release|Any CPU
		{193DC806-8928-4EDC-B739-94557FFC9089}.Ad-Hoc|iPhone.Build.0 = Release|Any CPU
		{193DC806-8928-4EDC-B739-94557FFC9089}.Ad-Hoc|iPhoneSimulator.ActiveCfg = Release|Any CPU
		{193DC806-8928-4EDC-B739-94557FFC9089}.Ad-Hoc|iPhoneSimulator.Build.0 = Release|Any CPU
		{193DC806-8928-4EDC-B739-94557FFC9089}.Ad-Hoc|x64.ActiveCfg = Release|Any CPU
		{193DC806-8928-4EDC-B739-94557FFC9089}.Ad-Hoc|x64.Build.0 = Release|Any CPU
		{193DC806-8928-4EDC-B739-94557FFC9089}.Ad-Hoc|x86.ActiveCfg = Release|Any CPU
		{193DC806-8928-4EDC-B739-94557FFC9089}.Ad-Hoc|x86.Build.0 = Release|Any CPU
		{193DC806-8928-4EDC-B739-94557FFC9089}.AppStore|Any CPU.ActiveCfg = Release|Any CPU
		{193DC806-8928-4EDC-B739-94557FFC9089}.AppStore|Any CPU.Build.0 = Release|Any CPU
		{193DC806-8928-4EDC-B739-94557FFC9089}.AppStore|ARM.ActiveCfg = Release|Any CPU
		{193DC806-8928-4EDC-B739-94557FFC9089}.AppStore|ARM.Build.0 = Release|Any CPU
		{193DC806-8928-4EDC-B739-94557FFC9089}.AppStore|iPhone.ActiveCfg = Release|Any CPU
		{193DC806-8928-4EDC-B739-94557FFC9089}.AppStore|iPhone.Build.0 = Release|Any CPU
		{193DC806-8928-4EDC-B739-94557FFC9089}.AppStore|iPhoneSimulator.ActiveCfg = Release|Any CPU
		{193DC806-8928-4EDC-B739-94557FFC9089}.AppStore|iPhoneSimulator.Build.0 = Release|Any CPU
		{193DC806-8928-4EDC-B739-94557FFC9089}.AppStore|x64.ActiveCfg = Release|Any CPU
		{193DC806-8928-4EDC-B739-94557FFC9089}.AppStore|x64.Build.0 = Release|Any CPU
		{193DC806-8928-4EDC-B739-94557FFC9089}.AppStore|x86.ActiveCfg = Release|Any CPU
		{193DC806-8928-4EDC-B739-94557FFC9089}.AppStore|x86.Build.0 = Release|Any CPU
		{193DC806-8928-4EDC-B739-94557FFC9089}.Debug|Any CPU.ActiveCfg = Debug|Any CPU
		{193DC806-8928-4EDC-B739-94557FFC9089}.Debug|Any CPU.Build.0 = Debug|Any CPU
		{193DC806-8928-4EDC-B739-94557FFC9089}.Debug|ARM.ActiveCfg = Debug|Any CPU
		{193DC806-8928-4EDC-B739-94557FFC9089}.Debug|ARM.Build.0 = Debug|Any CPU
		{193DC806-8928-4EDC-B739-94557FFC9089}.Debug|iPhone.ActiveCfg = Debug|Any CPU
		{193DC806-8928-4EDC-B739-94557FFC9089}.Debug|iPhone.Build.0 = Debug|Any CPU
		{193DC806-8928-4EDC-B739-94557FFC9089}.Debug|iPhoneSimulator.ActiveCfg = Debug|Any CPU
		{193DC806-8928-4EDC-B739-94557FFC9089}.Debug|iPhoneSimulator.Build.0 = Debug|Any CPU
		{193DC806-8928-4EDC-B739-94557FFC9089}.Debug|x64.ActiveCfg = Debug|Any CPU
		{193DC806-8928-4EDC-B739-94557FFC9089}.Debug|x64.Build.0 = Debug|Any CPU
		{193DC806-8928-4EDC-B739-94557FFC9089}.Debug|x86.ActiveCfg = Debug|Any CPU
		{193DC806-8928-4EDC-B739-94557FFC9089}.Debug|x86.Build.0 = Debug|Any CPU
		{193DC806-8928-4EDC-B739-94557FFC9089}.Release|Any CPU.ActiveCfg = Release|Any CPU
		{193DC806-8928-4EDC-B739-94557FFC9089}.Release|Any CPU.Build.0 = Release|Any CPU
		{193DC806-8928-4EDC-B739-94557FFC9089}.Release|ARM.ActiveCfg = Release|Any CPU
		{193DC806-8928-4EDC-B739-94557FFC9089}.Release|ARM.Build.0 = Release|Any CPU
		{193DC806-8928-4EDC-B739-94557FFC9089}.Release|iPhone.ActiveCfg = Release|Any CPU
		{193DC806-8928-4EDC-B739-94557FFC9089}.Release|iPhone.Build.0 = Release|Any CPU
		{193DC806-8928-4EDC-B739-94557FFC9089}.Release|iPhoneSimulator.ActiveCfg = Release|Any CPU
		{193DC806-8928-4EDC-B739-94557FFC9089}.Release|iPhoneSimulator.Build.0 = Release|Any CPU
		{193DC806-8928-4EDC-B739-94557FFC9089}.Release|x64.ActiveCfg = Release|Any CPU
		{193DC806-8928-4EDC-B739-94557FFC9089}.Release|x64.Build.0 = Release|Any CPU
		{193DC806-8928-4EDC-B739-94557FFC9089}.Release|x86.ActiveCfg = Release|Any CPU
		{193DC806-8928-4EDC-B739-94557FFC9089}.Release|x86.Build.0 = Release|Any CPU
		{20927F64-6F01-499E-9A3E-005DEF6D5284}.Ad-Hoc|Any CPU.ActiveCfg = Release|Any CPU
		{20927F64-6F01-499E-9A3E-005DEF6D5284}.Ad-Hoc|Any CPU.Build.0 = Release|Any CPU
		{20927F64-6F01-499E-9A3E-005DEF6D5284}.Ad-Hoc|ARM.ActiveCfg = Release|ARM
		{20927F64-6F01-499E-9A3E-005DEF6D5284}.Ad-Hoc|ARM.Build.0 = Release|ARM
		{20927F64-6F01-499E-9A3E-005DEF6D5284}.Ad-Hoc|iPhone.ActiveCfg = Release|Any CPU
		{20927F64-6F01-499E-9A3E-005DEF6D5284}.Ad-Hoc|iPhone.Build.0 = Release|Any CPU
		{20927F64-6F01-499E-9A3E-005DEF6D5284}.Ad-Hoc|iPhoneSimulator.ActiveCfg = Release|Any CPU
		{20927F64-6F01-499E-9A3E-005DEF6D5284}.Ad-Hoc|iPhoneSimulator.Build.0 = Release|Any CPU
		{20927F64-6F01-499E-9A3E-005DEF6D5284}.Ad-Hoc|x64.ActiveCfg = Release|x64
		{20927F64-6F01-499E-9A3E-005DEF6D5284}.Ad-Hoc|x64.Build.0 = Release|x64
		{20927F64-6F01-499E-9A3E-005DEF6D5284}.Ad-Hoc|x86.ActiveCfg = Release|x86
		{20927F64-6F01-499E-9A3E-005DEF6D5284}.Ad-Hoc|x86.Build.0 = Release|x86
		{20927F64-6F01-499E-9A3E-005DEF6D5284}.AppStore|Any CPU.ActiveCfg = Release|Any CPU
		{20927F64-6F01-499E-9A3E-005DEF6D5284}.AppStore|Any CPU.Build.0 = Release|Any CPU
		{20927F64-6F01-499E-9A3E-005DEF6D5284}.AppStore|ARM.ActiveCfg = Release|ARM
		{20927F64-6F01-499E-9A3E-005DEF6D5284}.AppStore|ARM.Build.0 = Release|ARM
		{20927F64-6F01-499E-9A3E-005DEF6D5284}.AppStore|iPhone.ActiveCfg = Release|Any CPU
		{20927F64-6F01-499E-9A3E-005DEF6D5284}.AppStore|iPhone.Build.0 = Release|Any CPU
		{20927F64-6F01-499E-9A3E-005DEF6D5284}.AppStore|iPhoneSimulator.ActiveCfg = Release|Any CPU
		{20927F64-6F01-499E-9A3E-005DEF6D5284}.AppStore|iPhoneSimulator.Build.0 = Release|Any CPU
		{20927F64-6F01-499E-9A3E-005DEF6D5284}.AppStore|x64.ActiveCfg = Release|x64
		{20927F64-6F01-499E-9A3E-005DEF6D5284}.AppStore|x64.Build.0 = Release|x64
		{20927F64-6F01-499E-9A3E-005DEF6D5284}.AppStore|x86.ActiveCfg = Release|x86
		{20927F64-6F01-499E-9A3E-005DEF6D5284}.AppStore|x86.Build.0 = Release|x86
		{20927F64-6F01-499E-9A3E-005DEF6D5284}.Debug|Any CPU.ActiveCfg = Debug|Any CPU
		{20927F64-6F01-499E-9A3E-005DEF6D5284}.Debug|Any CPU.Build.0 = Debug|Any CPU
		{20927F64-6F01-499E-9A3E-005DEF6D5284}.Debug|ARM.ActiveCfg = Debug|ARM
		{20927F64-6F01-499E-9A3E-005DEF6D5284}.Debug|ARM.Build.0 = Debug|ARM
		{20927F64-6F01-499E-9A3E-005DEF6D5284}.Debug|iPhone.ActiveCfg = Debug|Any CPU
		{20927F64-6F01-499E-9A3E-005DEF6D5284}.Debug|iPhone.Build.0 = Debug|Any CPU
		{20927F64-6F01-499E-9A3E-005DEF6D5284}.Debug|iPhoneSimulator.ActiveCfg = Debug|Any CPU
		{20927F64-6F01-499E-9A3E-005DEF6D5284}.Debug|iPhoneSimulator.Build.0 = Debug|Any CPU
		{20927F64-6F01-499E-9A3E-005DEF6D5284}.Debug|x64.ActiveCfg = Debug|x64
		{20927F64-6F01-499E-9A3E-005DEF6D5284}.Debug|x64.Build.0 = Debug|x64
		{20927F64-6F01-499E-9A3E-005DEF6D5284}.Debug|x86.ActiveCfg = Debug|x86
		{20927F64-6F01-499E-9A3E-005DEF6D5284}.Debug|x86.Build.0 = Debug|x86
		{20927F64-6F01-499E-9A3E-005DEF6D5284}.Release|Any CPU.ActiveCfg = Release|Any CPU
		{20927F64-6F01-499E-9A3E-005DEF6D5284}.Release|Any CPU.Build.0 = Release|Any CPU
		{20927F64-6F01-499E-9A3E-005DEF6D5284}.Release|ARM.ActiveCfg = Release|ARM
		{20927F64-6F01-499E-9A3E-005DEF6D5284}.Release|ARM.Build.0 = Release|ARM
		{20927F64-6F01-499E-9A3E-005DEF6D5284}.Release|iPhone.ActiveCfg = Release|Any CPU
		{20927F64-6F01-499E-9A3E-005DEF6D5284}.Release|iPhone.Build.0 = Release|Any CPU
		{20927F64-6F01-499E-9A3E-005DEF6D5284}.Release|iPhoneSimulator.ActiveCfg = Release|Any CPU
		{20927F64-6F01-499E-9A3E-005DEF6D5284}.Release|iPhoneSimulator.Build.0 = Release|Any CPU
		{20927F64-6F01-499E-9A3E-005DEF6D5284}.Release|x64.ActiveCfg = Release|x64
		{20927F64-6F01-499E-9A3E-005DEF6D5284}.Release|x64.Build.0 = Release|x64
		{20927F64-6F01-499E-9A3E-005DEF6D5284}.Release|x86.ActiveCfg = Release|x86
		{20927F64-6F01-499E-9A3E-005DEF6D5284}.Release|x86.Build.0 = Release|x86
		{DCF18FEE-040A-4A8F-83AC-056905A7B664}.Ad-Hoc|Any CPU.ActiveCfg = Release|Any CPU
		{DCF18FEE-040A-4A8F-83AC-056905A7B664}.Ad-Hoc|Any CPU.Build.0 = Release|Any CPU
		{DCF18FEE-040A-4A8F-83AC-056905A7B664}.Ad-Hoc|ARM.ActiveCfg = Release|Any CPU
		{DCF18FEE-040A-4A8F-83AC-056905A7B664}.Ad-Hoc|ARM.Build.0 = Release|Any CPU
		{DCF18FEE-040A-4A8F-83AC-056905A7B664}.Ad-Hoc|iPhone.ActiveCfg = Release|Any CPU
		{DCF18FEE-040A-4A8F-83AC-056905A7B664}.Ad-Hoc|iPhone.Build.0 = Release|Any CPU
		{DCF18FEE-040A-4A8F-83AC-056905A7B664}.Ad-Hoc|iPhoneSimulator.ActiveCfg = Release|Any CPU
		{DCF18FEE-040A-4A8F-83AC-056905A7B664}.Ad-Hoc|iPhoneSimulator.Build.0 = Release|Any CPU
		{DCF18FEE-040A-4A8F-83AC-056905A7B664}.Ad-Hoc|x64.ActiveCfg = Release|Any CPU
		{DCF18FEE-040A-4A8F-83AC-056905A7B664}.Ad-Hoc|x64.Build.0 = Release|Any CPU
		{DCF18FEE-040A-4A8F-83AC-056905A7B664}.Ad-Hoc|x86.ActiveCfg = Release|Any CPU
		{DCF18FEE-040A-4A8F-83AC-056905A7B664}.Ad-Hoc|x86.Build.0 = Release|Any CPU
		{DCF18FEE-040A-4A8F-83AC-056905A7B664}.AppStore|Any CPU.ActiveCfg = Release|Any CPU
		{DCF18FEE-040A-4A8F-83AC-056905A7B664}.AppStore|Any CPU.Build.0 = Release|Any CPU
		{DCF18FEE-040A-4A8F-83AC-056905A7B664}.AppStore|ARM.ActiveCfg = Release|Any CPU
		{DCF18FEE-040A-4A8F-83AC-056905A7B664}.AppStore|ARM.Build.0 = Release|Any CPU
		{DCF18FEE-040A-4A8F-83AC-056905A7B664}.AppStore|iPhone.ActiveCfg = Release|Any CPU
		{DCF18FEE-040A-4A8F-83AC-056905A7B664}.AppStore|iPhone.Build.0 = Release|Any CPU
		{DCF18FEE-040A-4A8F-83AC-056905A7B664}.AppStore|iPhoneSimulator.ActiveCfg = Release|Any CPU
		{DCF18FEE-040A-4A8F-83AC-056905A7B664}.AppStore|iPhoneSimulator.Build.0 = Release|Any CPU
		{DCF18FEE-040A-4A8F-83AC-056905A7B664}.AppStore|x64.ActiveCfg = Release|Any CPU
		{DCF18FEE-040A-4A8F-83AC-056905A7B664}.AppStore|x64.Build.0 = Release|Any CPU
		{DCF18FEE-040A-4A8F-83AC-056905A7B664}.AppStore|x86.ActiveCfg = Release|Any CPU
		{DCF18FEE-040A-4A8F-83AC-056905A7B664}.AppStore|x86.Build.0 = Release|Any CPU
		{DCF18FEE-040A-4A8F-83AC-056905A7B664}.Debug|Any CPU.ActiveCfg = Debug|Any CPU
		{DCF18FEE-040A-4A8F-83AC-056905A7B664}.Debug|Any CPU.Build.0 = Debug|Any CPU
		{DCF18FEE-040A-4A8F-83AC-056905A7B664}.Debug|ARM.ActiveCfg = Debug|Any CPU
		{DCF18FEE-040A-4A8F-83AC-056905A7B664}.Debug|ARM.Build.0 = Debug|Any CPU
		{DCF18FEE-040A-4A8F-83AC-056905A7B664}.Debug|iPhone.ActiveCfg = Debug|Any CPU
		{DCF18FEE-040A-4A8F-83AC-056905A7B664}.Debug|iPhone.Build.0 = Debug|Any CPU
		{DCF18FEE-040A-4A8F-83AC-056905A7B664}.Debug|iPhoneSimulator.ActiveCfg = Debug|Any CPU
		{DCF18FEE-040A-4A8F-83AC-056905A7B664}.Debug|iPhoneSimulator.Build.0 = Debug|Any CPU
		{DCF18FEE-040A-4A8F-83AC-056905A7B664}.Debug|x64.ActiveCfg = Debug|Any CPU
		{DCF18FEE-040A-4A8F-83AC-056905A7B664}.Debug|x64.Build.0 = Debug|Any CPU
		{DCF18FEE-040A-4A8F-83AC-056905A7B664}.Debug|x86.ActiveCfg = Debug|Any CPU
		{DCF18FEE-040A-4A8F-83AC-056905A7B664}.Debug|x86.Build.0 = Debug|Any CPU
		{DCF18FEE-040A-4A8F-83AC-056905A7B664}.Release|Any CPU.ActiveCfg = Release|Any CPU
		{DCF18FEE-040A-4A8F-83AC-056905A7B664}.Release|Any CPU.Build.0 = Release|Any CPU
		{DCF18FEE-040A-4A8F-83AC-056905A7B664}.Release|ARM.ActiveCfg = Release|Any CPU
		{DCF18FEE-040A-4A8F-83AC-056905A7B664}.Release|ARM.Build.0 = Release|Any CPU
		{DCF18FEE-040A-4A8F-83AC-056905A7B664}.Release|iPhone.ActiveCfg = Release|Any CPU
		{DCF18FEE-040A-4A8F-83AC-056905A7B664}.Release|iPhone.Build.0 = Release|Any CPU
		{DCF18FEE-040A-4A8F-83AC-056905A7B664}.Release|iPhoneSimulator.ActiveCfg = Release|Any CPU
		{DCF18FEE-040A-4A8F-83AC-056905A7B664}.Release|iPhoneSimulator.Build.0 = Release|Any CPU
		{DCF18FEE-040A-4A8F-83AC-056905A7B664}.Release|x64.ActiveCfg = Release|Any CPU
		{DCF18FEE-040A-4A8F-83AC-056905A7B664}.Release|x64.Build.0 = Release|Any CPU
		{DCF18FEE-040A-4A8F-83AC-056905A7B664}.Release|x86.ActiveCfg = Release|Any CPU
		{DCF18FEE-040A-4A8F-83AC-056905A7B664}.Release|x86.Build.0 = Release|Any CPU
		{1F4D8009-BE26-4BF9-A085-4DC1C1930AA8}.Ad-Hoc|Any CPU.ActiveCfg = Release|Any CPU
		{1F4D8009-BE26-4BF9-A085-4DC1C1930AA8}.Ad-Hoc|Any CPU.Build.0 = Release|Any CPU
		{1F4D8009-BE26-4BF9-A085-4DC1C1930AA8}.Ad-Hoc|ARM.ActiveCfg = Release|Any CPU
		{1F4D8009-BE26-4BF9-A085-4DC1C1930AA8}.Ad-Hoc|ARM.Build.0 = Release|Any CPU
		{1F4D8009-BE26-4BF9-A085-4DC1C1930AA8}.Ad-Hoc|iPhone.ActiveCfg = Release|Any CPU
		{1F4D8009-BE26-4BF9-A085-4DC1C1930AA8}.Ad-Hoc|iPhone.Build.0 = Release|Any CPU
		{1F4D8009-BE26-4BF9-A085-4DC1C1930AA8}.Ad-Hoc|iPhoneSimulator.ActiveCfg = Release|Any CPU
		{1F4D8009-BE26-4BF9-A085-4DC1C1930AA8}.Ad-Hoc|iPhoneSimulator.Build.0 = Release|Any CPU
		{1F4D8009-BE26-4BF9-A085-4DC1C1930AA8}.Ad-Hoc|x64.ActiveCfg = Release|Any CPU
		{1F4D8009-BE26-4BF9-A085-4DC1C1930AA8}.Ad-Hoc|x64.Build.0 = Release|Any CPU
		{1F4D8009-BE26-4BF9-A085-4DC1C1930AA8}.Ad-Hoc|x86.ActiveCfg = Release|Any CPU
		{1F4D8009-BE26-4BF9-A085-4DC1C1930AA8}.Ad-Hoc|x86.Build.0 = Release|Any CPU
		{1F4D8009-BE26-4BF9-A085-4DC1C1930AA8}.AppStore|Any CPU.ActiveCfg = Release|Any CPU
		{1F4D8009-BE26-4BF9-A085-4DC1C1930AA8}.AppStore|Any CPU.Build.0 = Release|Any CPU
		{1F4D8009-BE26-4BF9-A085-4DC1C1930AA8}.AppStore|ARM.ActiveCfg = Release|Any CPU
		{1F4D8009-BE26-4BF9-A085-4DC1C1930AA8}.AppStore|ARM.Build.0 = Release|Any CPU
		{1F4D8009-BE26-4BF9-A085-4DC1C1930AA8}.AppStore|iPhone.ActiveCfg = Release|Any CPU
		{1F4D8009-BE26-4BF9-A085-4DC1C1930AA8}.AppStore|iPhone.Build.0 = Release|Any CPU
		{1F4D8009-BE26-4BF9-A085-4DC1C1930AA8}.AppStore|iPhoneSimulator.ActiveCfg = Release|Any CPU
		{1F4D8009-BE26-4BF9-A085-4DC1C1930AA8}.AppStore|iPhoneSimulator.Build.0 = Release|Any CPU
		{1F4D8009-BE26-4BF9-A085-4DC1C1930AA8}.AppStore|x64.ActiveCfg = Release|Any CPU
		{1F4D8009-BE26-4BF9-A085-4DC1C1930AA8}.AppStore|x64.Build.0 = Release|Any CPU
		{1F4D8009-BE26-4BF9-A085-4DC1C1930AA8}.AppStore|x86.ActiveCfg = Release|Any CPU
		{1F4D8009-BE26-4BF9-A085-4DC1C1930AA8}.AppStore|x86.Build.0 = Release|Any CPU
		{1F4D8009-BE26-4BF9-A085-4DC1C1930AA8}.Debug|Any CPU.ActiveCfg = Debug|Any CPU
		{1F4D8009-BE26-4BF9-A085-4DC1C1930AA8}.Debug|Any CPU.Build.0 = Debug|Any CPU
		{1F4D8009-BE26-4BF9-A085-4DC1C1930AA8}.Debug|ARM.ActiveCfg = Debug|Any CPU
		{1F4D8009-BE26-4BF9-A085-4DC1C1930AA8}.Debug|ARM.Build.0 = Debug|Any CPU
		{1F4D8009-BE26-4BF9-A085-4DC1C1930AA8}.Debug|iPhone.ActiveCfg = Debug|Any CPU
		{1F4D8009-BE26-4BF9-A085-4DC1C1930AA8}.Debug|iPhone.Build.0 = Debug|Any CPU
		{1F4D8009-BE26-4BF9-A085-4DC1C1930AA8}.Debug|iPhoneSimulator.ActiveCfg = Debug|Any CPU
		{1F4D8009-BE26-4BF9-A085-4DC1C1930AA8}.Debug|iPhoneSimulator.Build.0 = Debug|Any CPU
		{1F4D8009-BE26-4BF9-A085-4DC1C1930AA8}.Debug|x64.ActiveCfg = Debug|Any CPU
		{1F4D8009-BE26-4BF9-A085-4DC1C1930AA8}.Debug|x64.Build.0 = Debug|Any CPU
		{1F4D8009-BE26-4BF9-A085-4DC1C1930AA8}.Debug|x86.ActiveCfg = Debug|Any CPU
		{1F4D8009-BE26-4BF9-A085-4DC1C1930AA8}.Debug|x86.Build.0 = Debug|Any CPU
		{1F4D8009-BE26-4BF9-A085-4DC1C1930AA8}.Release|Any CPU.ActiveCfg = Release|Any CPU
		{1F4D8009-BE26-4BF9-A085-4DC1C1930AA8}.Release|Any CPU.Build.0 = Release|Any CPU
		{1F4D8009-BE26-4BF9-A085-4DC1C1930AA8}.Release|ARM.ActiveCfg = Release|Any CPU
		{1F4D8009-BE26-4BF9-A085-4DC1C1930AA8}.Release|ARM.Build.0 = Release|Any CPU
		{1F4D8009-BE26-4BF9-A085-4DC1C1930AA8}.Release|iPhone.ActiveCfg = Release|Any CPU
		{1F4D8009-BE26-4BF9-A085-4DC1C1930AA8}.Release|iPhone.Build.0 = Release|Any CPU
		{1F4D8009-BE26-4BF9-A085-4DC1C1930AA8}.Release|iPhoneSimulator.ActiveCfg = Release|Any CPU
		{1F4D8009-BE26-4BF9-A085-4DC1C1930AA8}.Release|iPhoneSimulator.Build.0 = Release|Any CPU
		{1F4D8009-BE26-4BF9-A085-4DC1C1930AA8}.Release|x64.ActiveCfg = Release|Any CPU
		{1F4D8009-BE26-4BF9-A085-4DC1C1930AA8}.Release|x64.Build.0 = Release|Any CPU
		{1F4D8009-BE26-4BF9-A085-4DC1C1930AA8}.Release|x86.ActiveCfg = Release|Any CPU
		{1F4D8009-BE26-4BF9-A085-4DC1C1930AA8}.Release|x86.Build.0 = Release|Any CPU
		{53BC135E-85DC-49AD-812B-4682411BD3E3}.Ad-Hoc|Any CPU.ActiveCfg = Release|Any CPU
		{53BC135E-85DC-49AD-812B-4682411BD3E3}.Ad-Hoc|Any CPU.Build.0 = Release|Any CPU
		{53BC135E-85DC-49AD-812B-4682411BD3E3}.Ad-Hoc|ARM.ActiveCfg = Release|Any CPU
		{53BC135E-85DC-49AD-812B-4682411BD3E3}.Ad-Hoc|ARM.Build.0 = Release|Any CPU
		{53BC135E-85DC-49AD-812B-4682411BD3E3}.Ad-Hoc|iPhone.ActiveCfg = Release|Any CPU
		{53BC135E-85DC-49AD-812B-4682411BD3E3}.Ad-Hoc|iPhone.Build.0 = Release|Any CPU
		{53BC135E-85DC-49AD-812B-4682411BD3E3}.Ad-Hoc|iPhoneSimulator.ActiveCfg = Release|Any CPU
		{53BC135E-85DC-49AD-812B-4682411BD3E3}.Ad-Hoc|iPhoneSimulator.Build.0 = Release|Any CPU
		{53BC135E-85DC-49AD-812B-4682411BD3E3}.Ad-Hoc|x64.ActiveCfg = Release|Any CPU
		{53BC135E-85DC-49AD-812B-4682411BD3E3}.Ad-Hoc|x64.Build.0 = Release|Any CPU
		{53BC135E-85DC-49AD-812B-4682411BD3E3}.Ad-Hoc|x86.ActiveCfg = Release|Any CPU
		{53BC135E-85DC-49AD-812B-4682411BD3E3}.Ad-Hoc|x86.Build.0 = Release|Any CPU
		{53BC135E-85DC-49AD-812B-4682411BD3E3}.AppStore|Any CPU.ActiveCfg = Release|Any CPU
		{53BC135E-85DC-49AD-812B-4682411BD3E3}.AppStore|Any CPU.Build.0 = Release|Any CPU
		{53BC135E-85DC-49AD-812B-4682411BD3E3}.AppStore|ARM.ActiveCfg = Release|Any CPU
		{53BC135E-85DC-49AD-812B-4682411BD3E3}.AppStore|ARM.Build.0 = Release|Any CPU
		{53BC135E-85DC-49AD-812B-4682411BD3E3}.AppStore|iPhone.ActiveCfg = Release|Any CPU
		{53BC135E-85DC-49AD-812B-4682411BD3E3}.AppStore|iPhone.Build.0 = Release|Any CPU
		{53BC135E-85DC-49AD-812B-4682411BD3E3}.AppStore|iPhoneSimulator.ActiveCfg = Release|Any CPU
		{53BC135E-85DC-49AD-812B-4682411BD3E3}.AppStore|iPhoneSimulator.Build.0 = Release|Any CPU
		{53BC135E-85DC-49AD-812B-4682411BD3E3}.AppStore|x64.ActiveCfg = Release|Any CPU
		{53BC135E-85DC-49AD-812B-4682411BD3E3}.AppStore|x64.Build.0 = Release|Any CPU
		{53BC135E-85DC-49AD-812B-4682411BD3E3}.AppStore|x86.ActiveCfg = Release|Any CPU
		{53BC135E-85DC-49AD-812B-4682411BD3E3}.AppStore|x86.Build.0 = Release|Any CPU
		{53BC135E-85DC-49AD-812B-4682411BD3E3}.Debug|Any CPU.ActiveCfg = Debug|Any CPU
		{53BC135E-85DC-49AD-812B-4682411BD3E3}.Debug|Any CPU.Build.0 = Debug|Any CPU
		{53BC135E-85DC-49AD-812B-4682411BD3E3}.Debug|ARM.ActiveCfg = Debug|Any CPU
		{53BC135E-85DC-49AD-812B-4682411BD3E3}.Debug|ARM.Build.0 = Debug|Any CPU
		{53BC135E-85DC-49AD-812B-4682411BD3E3}.Debug|iPhone.ActiveCfg = Debug|Any CPU
		{53BC135E-85DC-49AD-812B-4682411BD3E3}.Debug|iPhone.Build.0 = Debug|Any CPU
		{53BC135E-85DC-49AD-812B-4682411BD3E3}.Debug|iPhoneSimulator.ActiveCfg = Debug|Any CPU
		{53BC135E-85DC-49AD-812B-4682411BD3E3}.Debug|iPhoneSimulator.Build.0 = Debug|Any CPU
		{53BC135E-85DC-49AD-812B-4682411BD3E3}.Debug|x64.ActiveCfg = Debug|Any CPU
		{53BC135E-85DC-49AD-812B-4682411BD3E3}.Debug|x64.Build.0 = Debug|Any CPU
		{53BC135E-85DC-49AD-812B-4682411BD3E3}.Debug|x86.ActiveCfg = Debug|Any CPU
		{53BC135E-85DC-49AD-812B-4682411BD3E3}.Debug|x86.Build.0 = Debug|Any CPU
		{53BC135E-85DC-49AD-812B-4682411BD3E3}.Release|Any CPU.ActiveCfg = Release|Any CPU
		{53BC135E-85DC-49AD-812B-4682411BD3E3}.Release|Any CPU.Build.0 = Release|Any CPU
		{53BC135E-85DC-49AD-812B-4682411BD3E3}.Release|ARM.ActiveCfg = Release|Any CPU
		{53BC135E-85DC-49AD-812B-4682411BD3E3}.Release|ARM.Build.0 = Release|Any CPU
		{53BC135E-85DC-49AD-812B-4682411BD3E3}.Release|iPhone.ActiveCfg = Release|Any CPU
		{53BC135E-85DC-49AD-812B-4682411BD3E3}.Release|iPhone.Build.0 = Release|Any CPU
		{53BC135E-85DC-49AD-812B-4682411BD3E3}.Release|iPhoneSimulator.ActiveCfg = Release|Any CPU
		{53BC135E-85DC-49AD-812B-4682411BD3E3}.Release|iPhoneSimulator.Build.0 = Release|Any CPU
		{53BC135E-85DC-49AD-812B-4682411BD3E3}.Release|x64.ActiveCfg = Release|Any CPU
		{53BC135E-85DC-49AD-812B-4682411BD3E3}.Release|x64.Build.0 = Release|Any CPU
		{53BC135E-85DC-49AD-812B-4682411BD3E3}.Release|x86.ActiveCfg = Release|Any CPU
		{53BC135E-85DC-49AD-812B-4682411BD3E3}.Release|x86.Build.0 = Release|Any CPU
		{69DC3AE9-F01C-4CE4-B045-EF035A76E24E}.Ad-Hoc|Any CPU.ActiveCfg = Release|Any CPU
		{69DC3AE9-F01C-4CE4-B045-EF035A76E24E}.Ad-Hoc|Any CPU.Build.0 = Release|Any CPU
		{69DC3AE9-F01C-4CE4-B045-EF035A76E24E}.Ad-Hoc|Any CPU.Deploy.0 = Release|Any CPU
		{69DC3AE9-F01C-4CE4-B045-EF035A76E24E}.Ad-Hoc|ARM.ActiveCfg = Release|Any CPU
		{69DC3AE9-F01C-4CE4-B045-EF035A76E24E}.Ad-Hoc|ARM.Build.0 = Release|Any CPU
		{69DC3AE9-F01C-4CE4-B045-EF035A76E24E}.Ad-Hoc|ARM.Deploy.0 = Release|Any CPU
		{69DC3AE9-F01C-4CE4-B045-EF035A76E24E}.Ad-Hoc|iPhone.ActiveCfg = Release|Any CPU
		{69DC3AE9-F01C-4CE4-B045-EF035A76E24E}.Ad-Hoc|iPhone.Build.0 = Release|Any CPU
		{69DC3AE9-F01C-4CE4-B045-EF035A76E24E}.Ad-Hoc|iPhone.Deploy.0 = Release|Any CPU
		{69DC3AE9-F01C-4CE4-B045-EF035A76E24E}.Ad-Hoc|iPhoneSimulator.ActiveCfg = Release|Any CPU
		{69DC3AE9-F01C-4CE4-B045-EF035A76E24E}.Ad-Hoc|iPhoneSimulator.Build.0 = Release|Any CPU
		{69DC3AE9-F01C-4CE4-B045-EF035A76E24E}.Ad-Hoc|iPhoneSimulator.Deploy.0 = Release|Any CPU
		{69DC3AE9-F01C-4CE4-B045-EF035A76E24E}.Ad-Hoc|x64.ActiveCfg = Release|Any CPU
		{69DC3AE9-F01C-4CE4-B045-EF035A76E24E}.Ad-Hoc|x64.Build.0 = Release|Any CPU
		{69DC3AE9-F01C-4CE4-B045-EF035A76E24E}.Ad-Hoc|x64.Deploy.0 = Release|Any CPU
		{69DC3AE9-F01C-4CE4-B045-EF035A76E24E}.Ad-Hoc|x86.ActiveCfg = Release|Any CPU
		{69DC3AE9-F01C-4CE4-B045-EF035A76E24E}.Ad-Hoc|x86.Build.0 = Release|Any CPU
		{69DC3AE9-F01C-4CE4-B045-EF035A76E24E}.Ad-Hoc|x86.Deploy.0 = Release|Any CPU
		{69DC3AE9-F01C-4CE4-B045-EF035A76E24E}.AppStore|Any CPU.ActiveCfg = Release|Any CPU
		{69DC3AE9-F01C-4CE4-B045-EF035A76E24E}.AppStore|Any CPU.Build.0 = Release|Any CPU
		{69DC3AE9-F01C-4CE4-B045-EF035A76E24E}.AppStore|Any CPU.Deploy.0 = Release|Any CPU
		{69DC3AE9-F01C-4CE4-B045-EF035A76E24E}.AppStore|ARM.ActiveCfg = Release|Any CPU
		{69DC3AE9-F01C-4CE4-B045-EF035A76E24E}.AppStore|ARM.Build.0 = Release|Any CPU
		{69DC3AE9-F01C-4CE4-B045-EF035A76E24E}.AppStore|ARM.Deploy.0 = Release|Any CPU
		{69DC3AE9-F01C-4CE4-B045-EF035A76E24E}.AppStore|iPhone.ActiveCfg = Release|Any CPU
		{69DC3AE9-F01C-4CE4-B045-EF035A76E24E}.AppStore|iPhone.Build.0 = Release|Any CPU
		{69DC3AE9-F01C-4CE4-B045-EF035A76E24E}.AppStore|iPhone.Deploy.0 = Release|Any CPU
		{69DC3AE9-F01C-4CE4-B045-EF035A76E24E}.AppStore|iPhoneSimulator.ActiveCfg = Release|Any CPU
		{69DC3AE9-F01C-4CE4-B045-EF035A76E24E}.AppStore|iPhoneSimulator.Build.0 = Release|Any CPU
		{69DC3AE9-F01C-4CE4-B045-EF035A76E24E}.AppStore|iPhoneSimulator.Deploy.0 = Release|Any CPU
		{69DC3AE9-F01C-4CE4-B045-EF035A76E24E}.AppStore|x64.ActiveCfg = Release|Any CPU
		{69DC3AE9-F01C-4CE4-B045-EF035A76E24E}.AppStore|x64.Build.0 = Release|Any CPU
		{69DC3AE9-F01C-4CE4-B045-EF035A76E24E}.AppStore|x64.Deploy.0 = Release|Any CPU
		{69DC3AE9-F01C-4CE4-B045-EF035A76E24E}.AppStore|x86.ActiveCfg = Release|Any CPU
		{69DC3AE9-F01C-4CE4-B045-EF035A76E24E}.AppStore|x86.Build.0 = Release|Any CPU
		{69DC3AE9-F01C-4CE4-B045-EF035A76E24E}.AppStore|x86.Deploy.0 = Release|Any CPU
		{69DC3AE9-F01C-4CE4-B045-EF035A76E24E}.Debug|Any CPU.ActiveCfg = Debug|Any CPU
		{69DC3AE9-F01C-4CE4-B045-EF035A76E24E}.Debug|Any CPU.Build.0 = Debug|Any CPU
		{69DC3AE9-F01C-4CE4-B045-EF035A76E24E}.Debug|Any CPU.Deploy.0 = Debug|Any CPU
		{69DC3AE9-F01C-4CE4-B045-EF035A76E24E}.Debug|ARM.ActiveCfg = Debug|Any CPU
		{69DC3AE9-F01C-4CE4-B045-EF035A76E24E}.Debug|ARM.Build.0 = Debug|Any CPU
		{69DC3AE9-F01C-4CE4-B045-EF035A76E24E}.Debug|ARM.Deploy.0 = Debug|Any CPU
		{69DC3AE9-F01C-4CE4-B045-EF035A76E24E}.Debug|iPhone.ActiveCfg = Debug|Any CPU
		{69DC3AE9-F01C-4CE4-B045-EF035A76E24E}.Debug|iPhone.Build.0 = Debug|Any CPU
		{69DC3AE9-F01C-4CE4-B045-EF035A76E24E}.Debug|iPhone.Deploy.0 = Debug|Any CPU
		{69DC3AE9-F01C-4CE4-B045-EF035A76E24E}.Debug|iPhoneSimulator.ActiveCfg = Debug|Any CPU
		{69DC3AE9-F01C-4CE4-B045-EF035A76E24E}.Debug|iPhoneSimulator.Build.0 = Debug|Any CPU
		{69DC3AE9-F01C-4CE4-B045-EF035A76E24E}.Debug|iPhoneSimulator.Deploy.0 = Debug|Any CPU
		{69DC3AE9-F01C-4CE4-B045-EF035A76E24E}.Debug|x64.ActiveCfg = Debug|Any CPU
		{69DC3AE9-F01C-4CE4-B045-EF035A76E24E}.Debug|x64.Build.0 = Debug|Any CPU
		{69DC3AE9-F01C-4CE4-B045-EF035A76E24E}.Debug|x64.Deploy.0 = Debug|Any CPU
		{69DC3AE9-F01C-4CE4-B045-EF035A76E24E}.Debug|x86.ActiveCfg = Debug|Any CPU
		{69DC3AE9-F01C-4CE4-B045-EF035A76E24E}.Debug|x86.Build.0 = Debug|Any CPU
		{69DC3AE9-F01C-4CE4-B045-EF035A76E24E}.Debug|x86.Deploy.0 = Debug|Any CPU
		{69DC3AE9-F01C-4CE4-B045-EF035A76E24E}.Release|Any CPU.ActiveCfg = Release|Any CPU
		{69DC3AE9-F01C-4CE4-B045-EF035A76E24E}.Release|Any CPU.Build.0 = Release|Any CPU
		{69DC3AE9-F01C-4CE4-B045-EF035A76E24E}.Release|Any CPU.Deploy.0 = Release|Any CPU
		{69DC3AE9-F01C-4CE4-B045-EF035A76E24E}.Release|ARM.ActiveCfg = Release|Any CPU
		{69DC3AE9-F01C-4CE4-B045-EF035A76E24E}.Release|ARM.Build.0 = Release|Any CPU
		{69DC3AE9-F01C-4CE4-B045-EF035A76E24E}.Release|ARM.Deploy.0 = Release|Any CPU
		{69DC3AE9-F01C-4CE4-B045-EF035A76E24E}.Release|iPhone.ActiveCfg = Release|Any CPU
		{69DC3AE9-F01C-4CE4-B045-EF035A76E24E}.Release|iPhone.Build.0 = Release|Any CPU
		{69DC3AE9-F01C-4CE4-B045-EF035A76E24E}.Release|iPhone.Deploy.0 = Release|Any CPU
		{69DC3AE9-F01C-4CE4-B045-EF035A76E24E}.Release|iPhoneSimulator.ActiveCfg = Release|Any CPU
		{69DC3AE9-F01C-4CE4-B045-EF035A76E24E}.Release|iPhoneSimulator.Build.0 = Release|Any CPU
		{69DC3AE9-F01C-4CE4-B045-EF035A76E24E}.Release|iPhoneSimulator.Deploy.0 = Release|Any CPU
		{69DC3AE9-F01C-4CE4-B045-EF035A76E24E}.Release|x64.ActiveCfg = Release|Any CPU
		{69DC3AE9-F01C-4CE4-B045-EF035A76E24E}.Release|x64.Build.0 = Release|Any CPU
		{69DC3AE9-F01C-4CE4-B045-EF035A76E24E}.Release|x64.Deploy.0 = Release|Any CPU
		{69DC3AE9-F01C-4CE4-B045-EF035A76E24E}.Release|x86.ActiveCfg = Release|Any CPU
		{69DC3AE9-F01C-4CE4-B045-EF035A76E24E}.Release|x86.Build.0 = Release|Any CPU
		{69DC3AE9-F01C-4CE4-B045-EF035A76E24E}.Release|x86.Deploy.0 = Release|Any CPU
		{8C8F2965-64A6-4506-A012-E829A2DE8F53}.Ad-Hoc|Any CPU.ActiveCfg = Ad-Hoc|iPhone
		{8C8F2965-64A6-4506-A012-E829A2DE8F53}.Ad-Hoc|ARM.ActiveCfg = Ad-Hoc|iPhone
		{8C8F2965-64A6-4506-A012-E829A2DE8F53}.Ad-Hoc|iPhone.ActiveCfg = Ad-Hoc|iPhone
		{8C8F2965-64A6-4506-A012-E829A2DE8F53}.Ad-Hoc|iPhone.Build.0 = Ad-Hoc|iPhone
		{8C8F2965-64A6-4506-A012-E829A2DE8F53}.Ad-Hoc|iPhoneSimulator.ActiveCfg = Ad-Hoc|iPhoneSimulator
		{8C8F2965-64A6-4506-A012-E829A2DE8F53}.Ad-Hoc|iPhoneSimulator.Build.0 = Ad-Hoc|iPhoneSimulator
		{8C8F2965-64A6-4506-A012-E829A2DE8F53}.Ad-Hoc|x64.ActiveCfg = Ad-Hoc|iPhone
		{8C8F2965-64A6-4506-A012-E829A2DE8F53}.Ad-Hoc|x86.ActiveCfg = Ad-Hoc|iPhone
		{8C8F2965-64A6-4506-A012-E829A2DE8F53}.AppStore|Any CPU.ActiveCfg = AppStore|iPhone
		{8C8F2965-64A6-4506-A012-E829A2DE8F53}.AppStore|ARM.ActiveCfg = AppStore|iPhone
		{8C8F2965-64A6-4506-A012-E829A2DE8F53}.AppStore|iPhone.ActiveCfg = AppStore|iPhone
		{8C8F2965-64A6-4506-A012-E829A2DE8F53}.AppStore|iPhone.Build.0 = AppStore|iPhone
		{8C8F2965-64A6-4506-A012-E829A2DE8F53}.AppStore|iPhoneSimulator.ActiveCfg = AppStore|iPhoneSimulator
		{8C8F2965-64A6-4506-A012-E829A2DE8F53}.AppStore|iPhoneSimulator.Build.0 = AppStore|iPhoneSimulator
		{8C8F2965-64A6-4506-A012-E829A2DE8F53}.AppStore|x64.ActiveCfg = AppStore|iPhone
		{8C8F2965-64A6-4506-A012-E829A2DE8F53}.AppStore|x86.ActiveCfg = AppStore|iPhone
		{8C8F2965-64A6-4506-A012-E829A2DE8F53}.Debug|Any CPU.ActiveCfg = Debug|iPhone
		{8C8F2965-64A6-4506-A012-E829A2DE8F53}.Debug|ARM.ActiveCfg = Debug|iPhone
		{8C8F2965-64A6-4506-A012-E829A2DE8F53}.Debug|iPhone.ActiveCfg = Debug|iPhone
		{8C8F2965-64A6-4506-A012-E829A2DE8F53}.Debug|iPhone.Build.0 = Debug|iPhone
		{8C8F2965-64A6-4506-A012-E829A2DE8F53}.Debug|iPhoneSimulator.ActiveCfg = Debug|iPhoneSimulator
		{8C8F2965-64A6-4506-A012-E829A2DE8F53}.Debug|iPhoneSimulator.Build.0 = Debug|iPhoneSimulator
		{8C8F2965-64A6-4506-A012-E829A2DE8F53}.Debug|x64.ActiveCfg = Debug|iPhone
		{8C8F2965-64A6-4506-A012-E829A2DE8F53}.Debug|x86.ActiveCfg = Debug|iPhone
		{8C8F2965-64A6-4506-A012-E829A2DE8F53}.Release|Any CPU.ActiveCfg = Release|iPhone
		{8C8F2965-64A6-4506-A012-E829A2DE8F53}.Release|ARM.ActiveCfg = Release|iPhone
		{8C8F2965-64A6-4506-A012-E829A2DE8F53}.Release|iPhone.ActiveCfg = Release|iPhone
		{8C8F2965-64A6-4506-A012-E829A2DE8F53}.Release|iPhone.Build.0 = Release|iPhone
		{8C8F2965-64A6-4506-A012-E829A2DE8F53}.Release|iPhoneSimulator.ActiveCfg = Release|iPhoneSimulator
		{8C8F2965-64A6-4506-A012-E829A2DE8F53}.Release|iPhoneSimulator.Build.0 = Release|iPhoneSimulator
		{8C8F2965-64A6-4506-A012-E829A2DE8F53}.Release|x64.ActiveCfg = Release|iPhone
		{8C8F2965-64A6-4506-A012-E829A2DE8F53}.Release|x86.ActiveCfg = Release|iPhone
		{CA63949B-E3AF-4979-BDA4-44DF2C4C53E3}.Ad-Hoc|Any CPU.ActiveCfg = Release|x86
		{CA63949B-E3AF-4979-BDA4-44DF2C4C53E3}.Ad-Hoc|Any CPU.Build.0 = Release|x86
		{CA63949B-E3AF-4979-BDA4-44DF2C4C53E3}.Ad-Hoc|Any CPU.Deploy.0 = Release|x86
		{CA63949B-E3AF-4979-BDA4-44DF2C4C53E3}.Ad-Hoc|ARM.ActiveCfg = Release|ARM
		{CA63949B-E3AF-4979-BDA4-44DF2C4C53E3}.Ad-Hoc|ARM.Build.0 = Release|ARM
		{CA63949B-E3AF-4979-BDA4-44DF2C4C53E3}.Ad-Hoc|ARM.Deploy.0 = Release|ARM
		{CA63949B-E3AF-4979-BDA4-44DF2C4C53E3}.Ad-Hoc|iPhone.ActiveCfg = Release|x86
		{CA63949B-E3AF-4979-BDA4-44DF2C4C53E3}.Ad-Hoc|iPhone.Build.0 = Release|x86
		{CA63949B-E3AF-4979-BDA4-44DF2C4C53E3}.Ad-Hoc|iPhone.Deploy.0 = Release|x86
		{CA63949B-E3AF-4979-BDA4-44DF2C4C53E3}.Ad-Hoc|iPhoneSimulator.ActiveCfg = Release|x86
		{CA63949B-E3AF-4979-BDA4-44DF2C4C53E3}.Ad-Hoc|iPhoneSimulator.Build.0 = Release|x86
		{CA63949B-E3AF-4979-BDA4-44DF2C4C53E3}.Ad-Hoc|iPhoneSimulator.Deploy.0 = Release|x86
		{CA63949B-E3AF-4979-BDA4-44DF2C4C53E3}.Ad-Hoc|x64.ActiveCfg = Release|x64
		{CA63949B-E3AF-4979-BDA4-44DF2C4C53E3}.Ad-Hoc|x64.Build.0 = Release|x64
		{CA63949B-E3AF-4979-BDA4-44DF2C4C53E3}.Ad-Hoc|x64.Deploy.0 = Release|x64
		{CA63949B-E3AF-4979-BDA4-44DF2C4C53E3}.Ad-Hoc|x86.ActiveCfg = Release|x86
		{CA63949B-E3AF-4979-BDA4-44DF2C4C53E3}.Ad-Hoc|x86.Build.0 = Release|x86
		{CA63949B-E3AF-4979-BDA4-44DF2C4C53E3}.Ad-Hoc|x86.Deploy.0 = Release|x86
		{CA63949B-E3AF-4979-BDA4-44DF2C4C53E3}.AppStore|Any CPU.ActiveCfg = Release|x86
		{CA63949B-E3AF-4979-BDA4-44DF2C4C53E3}.AppStore|Any CPU.Build.0 = Release|x86
		{CA63949B-E3AF-4979-BDA4-44DF2C4C53E3}.AppStore|Any CPU.Deploy.0 = Release|x86
		{CA63949B-E3AF-4979-BDA4-44DF2C4C53E3}.AppStore|ARM.ActiveCfg = Release|ARM
		{CA63949B-E3AF-4979-BDA4-44DF2C4C53E3}.AppStore|ARM.Build.0 = Release|ARM
		{CA63949B-E3AF-4979-BDA4-44DF2C4C53E3}.AppStore|ARM.Deploy.0 = Release|ARM
		{CA63949B-E3AF-4979-BDA4-44DF2C4C53E3}.AppStore|iPhone.ActiveCfg = Release|x86
		{CA63949B-E3AF-4979-BDA4-44DF2C4C53E3}.AppStore|iPhone.Build.0 = Release|x86
		{CA63949B-E3AF-4979-BDA4-44DF2C4C53E3}.AppStore|iPhone.Deploy.0 = Release|x86
		{CA63949B-E3AF-4979-BDA4-44DF2C4C53E3}.AppStore|iPhoneSimulator.ActiveCfg = Release|x86
		{CA63949B-E3AF-4979-BDA4-44DF2C4C53E3}.AppStore|iPhoneSimulator.Build.0 = Release|x86
		{CA63949B-E3AF-4979-BDA4-44DF2C4C53E3}.AppStore|iPhoneSimulator.Deploy.0 = Release|x86
		{CA63949B-E3AF-4979-BDA4-44DF2C4C53E3}.AppStore|x64.ActiveCfg = Release|x64
		{CA63949B-E3AF-4979-BDA4-44DF2C4C53E3}.AppStore|x64.Build.0 = Release|x64
		{CA63949B-E3AF-4979-BDA4-44DF2C4C53E3}.AppStore|x64.Deploy.0 = Release|x64
		{CA63949B-E3AF-4979-BDA4-44DF2C4C53E3}.AppStore|x86.ActiveCfg = Release|x86
		{CA63949B-E3AF-4979-BDA4-44DF2C4C53E3}.AppStore|x86.Build.0 = Release|x86
		{CA63949B-E3AF-4979-BDA4-44DF2C4C53E3}.AppStore|x86.Deploy.0 = Release|x86
		{CA63949B-E3AF-4979-BDA4-44DF2C4C53E3}.Debug|Any CPU.ActiveCfg = Debug|x86
		{CA63949B-E3AF-4979-BDA4-44DF2C4C53E3}.Debug|ARM.ActiveCfg = Debug|ARM
		{CA63949B-E3AF-4979-BDA4-44DF2C4C53E3}.Debug|ARM.Build.0 = Debug|ARM
		{CA63949B-E3AF-4979-BDA4-44DF2C4C53E3}.Debug|ARM.Deploy.0 = Debug|ARM
		{CA63949B-E3AF-4979-BDA4-44DF2C4C53E3}.Debug|iPhone.ActiveCfg = Debug|x86
		{CA63949B-E3AF-4979-BDA4-44DF2C4C53E3}.Debug|iPhoneSimulator.ActiveCfg = Debug|x86
		{CA63949B-E3AF-4979-BDA4-44DF2C4C53E3}.Debug|x64.ActiveCfg = Debug|x64
		{CA63949B-E3AF-4979-BDA4-44DF2C4C53E3}.Debug|x64.Build.0 = Debug|x64
		{CA63949B-E3AF-4979-BDA4-44DF2C4C53E3}.Debug|x64.Deploy.0 = Debug|x64
		{CA63949B-E3AF-4979-BDA4-44DF2C4C53E3}.Debug|x86.ActiveCfg = Debug|x86
		{CA63949B-E3AF-4979-BDA4-44DF2C4C53E3}.Debug|x86.Build.0 = Debug|x86
		{CA63949B-E3AF-4979-BDA4-44DF2C4C53E3}.Debug|x86.Deploy.0 = Debug|x86
		{CA63949B-E3AF-4979-BDA4-44DF2C4C53E3}.Release|Any CPU.ActiveCfg = Release|x86
		{CA63949B-E3AF-4979-BDA4-44DF2C4C53E3}.Release|ARM.ActiveCfg = Release|ARM
		{CA63949B-E3AF-4979-BDA4-44DF2C4C53E3}.Release|ARM.Build.0 = Release|ARM
		{CA63949B-E3AF-4979-BDA4-44DF2C4C53E3}.Release|ARM.Deploy.0 = Release|ARM
		{CA63949B-E3AF-4979-BDA4-44DF2C4C53E3}.Release|iPhone.ActiveCfg = Release|x86
		{CA63949B-E3AF-4979-BDA4-44DF2C4C53E3}.Release|iPhoneSimulator.ActiveCfg = Release|x86
		{CA63949B-E3AF-4979-BDA4-44DF2C4C53E3}.Release|x64.ActiveCfg = Release|x64
		{CA63949B-E3AF-4979-BDA4-44DF2C4C53E3}.Release|x64.Build.0 = Release|x64
		{CA63949B-E3AF-4979-BDA4-44DF2C4C53E3}.Release|x64.Deploy.0 = Release|x64
		{CA63949B-E3AF-4979-BDA4-44DF2C4C53E3}.Release|x86.ActiveCfg = Release|x86
		{CA63949B-E3AF-4979-BDA4-44DF2C4C53E3}.Release|x86.Build.0 = Release|x86
		{CA63949B-E3AF-4979-BDA4-44DF2C4C53E3}.Release|x86.Deploy.0 = Release|x86
	EndGlobalSection
	GlobalSection(SolutionProperties) = preSolution
		HideSolutionNode = FALSE
	EndGlobalSection
	GlobalSection(NestedProjects) = preSolution
		{D778F4BE-E4BF-436D-B4A1-5DE48A6F785F} = {72BBB3BE-85C4-443A-927E-31DA4C931938}
		{193DC806-8928-4EDC-B739-94557FFC9089} = {72BBB3BE-85C4-443A-927E-31DA4C931938}
		{20927F64-6F01-499E-9A3E-005DEF6D5284} = {72BBB3BE-85C4-443A-927E-31DA4C931938}
		{DCF18FEE-040A-4A8F-83AC-056905A7B664} = {72BBB3BE-85C4-443A-927E-31DA4C931938}
		{1F4D8009-BE26-4BF9-A085-4DC1C1930AA8} = {72BBB3BE-85C4-443A-927E-31DA4C931938}
		{53BC135E-85DC-49AD-812B-4682411BD3E3} = {72BBB3BE-85C4-443A-927E-31DA4C931938}
		{69DC3AE9-F01C-4CE4-B045-EF035A76E24E} = {1F207E55-8C72-43A2-84D0-8905826EE928}
		{8C8F2965-64A6-4506-A012-E829A2DE8F53} = {1F207E55-8C72-43A2-84D0-8905826EE928}
		{CA63949B-E3AF-4979-BDA4-44DF2C4C53E3} = {1F207E55-8C72-43A2-84D0-8905826EE928}
		{487914FD-C237-49F7-ABBE-1C96635577AF} = {1F207E55-8C72-43A2-84D0-8905826EE928}
	EndGlobalSection
EndGlobal
